
Microsoft Visual Studio Solution File, Format Version 12.00
# Visual Studio Version 17
VisualStudioVersion = 17.1.32228.430
MinimumVisualStudioVersion = 10.0.40219.1
Project("{8BC9CEB8-8B4A-11D0-8D11-00A0C91BC942}") = "Bai001", "Bai001\Bai001.vcxproj", "{1DB0DFCC-088C-4D82-A0DC-CDAA052E6EAB}"
EndProject
Project("{8BC9CEB8-8B4A-11D0-8D11-00A0C91BC942}") = "Bai013", "Bai013\Bai013.vcxproj", "{0AFC39C0-1862-456F-AAF5-E7FCA3C0E619}"
EndProject
Project("{8BC9CEB8-8B4A-11D0-8D11-00A0C91BC942}") = "Bai014", "Bai014\Bai014.vcxproj", "{3B621BA5-4303-4306-9CDD-264FC468C974}"
EndProject
Project("{8BC9CEB8-8B4A-11D0-8D11-00A0C91BC942}") = "Bai029", "Bai029\Bai029.vcxproj", "{4F009F9D-7CCB-40F5-95A5-64B00B3A0C05}"
EndProject
Project("{8BC9CEB8-8B4A-11D0-8D11-00A0C91BC942}") = "Bai030", "Bai030\Bai030.vcxproj", "{601C6229-D38D-4C63-BC6E-13DC42DA78B4}"
EndProject
Project("{8BC9CEB8-8B4A-11D0-8D11-00A0C91BC942}") = "Bai043", "Bai043\Bai043.vcxproj", "{24501592-CE33-4F32-B063-9FA2682F7FE0}"
EndProject
Project("{8BC9CEB8-8B4A-11D0-8D11-00A0C91BC942}") = "Bai051", "Bai051\Bai051.vcxproj", "{E6455EBD-A21E-4842-8533-DA46AC78E5EB}"
EndProject
Project("{8BC9CEB8-8B4A-11D0-8D11-00A0C91BC942}") = "Bai065", "Bai065\Bai065.vcxproj", "{9153792B-5CB0-4692-BE00-FBE872487476}"
EndProject
Project("{8BC9CEB8-8B4A-11D0-8D11-00A0C91BC942}") = "Bai066", "Bai066\Bai066.vcxproj", "{AF51213A-835C-4868-A28C-F25240333C7C}"
EndProject
Project("{8BC9CEB8-8B4A-11D0-8D11-00A0C91BC942}") = "Bai078", "Bai078\Bai078.vcxproj", "{5A42FC9F-DBFF-4865-A214-11B0C6FE8895}"
EndProject
Project("{8BC9CEB8-8B4A-11D0-8D11-00A0C91BC942}") = "Bai079", "Bai079\Bai079.vcxproj", "{72640B62-5B31-494F-A6E2-FBBA3076E972}"
EndProject
Project("{8BC9CEB8-8B4A-11D0-8D11-00A0C91BC942}") = "Bai094", "Bai094\Bai094.vcxproj", "{D208AFC8-61A3-4377-A09A-4E1E70E7F3CB}"
EndProject
Project("{8BC9CEB8-8B4A-11D0-8D11-00A0C91BC942}") = "Bai095", "Bai095\Bai095.vcxproj", "{C90949ED-7D51-4392-942B-A5CDD5C1298D}"
EndProject
Project("{8BC9CEB8-8B4A-11D0-8D11-00A0C91BC942}") = "Bai110", "Bai110\Bai110.vcxproj", "{C5D2929B-0F80-4BAF-AB41-153F26A6EBA6}"
EndProject
Project("{8BC9CEB8-8B4A-11D0-8D11-00A0C91BC942}") = "Bai111", "Bai111\Bai111.vcxproj", "{C19A5C38-3F53-4E2B-A96B-C8B8E28CD5A4}"
EndProject
Project("{8BC9CEB8-8B4A-11D0-8D11-00A0C91BC942}") = "Bai125", "Bai125\Bai125.vcxproj", "{20619847-B5D4-4490-B034-7E26D328354A}"
EndProject
Project("{8BC9CEB8-8B4A-11D0-8D11-00A0C91BC942}") = "Bai126", "Bai126\Bai126.vcxproj", "{C92B3962-E07C-47FC-81A8-8C88B04552FC}"
EndProject
Project("{8BC9CEB8-8B4A-11D0-8D11-00A0C91BC942}") = "Bai139", "Bai139\Bai139.vcxproj", "{ABB24F52-6C37-46F7-B8A2-A744162D5ED0}"
EndProject
Project("{8BC9CEB8-8B4A-11D0-8D11-00A0C91BC942}") = "Bai147", "Bai147\Bai147.vcxproj", "{A4525D75-623F-4B1E-AF43-5C9F24100C86}"
EndProject
Project("{8BC9CEB8-8B4A-11D0-8D11-00A0C91BC942}") = "Bai155", "Bai155\Bai155.vcxproj", "{1111F5EB-B4EE-4749-907E-36C835A48F52}"
EndProject
Project("{8BC9CEB8-8B4A-11D0-8D11-00A0C91BC942}") = "Bai163", "Bai163\Bai163.vcxproj", "{9EDBA15C-BEC1-465E-86A7-20D1924D9536}"
EndProject
Project("{8BC9CEB8-8B4A-11D0-8D11-00A0C91BC942}") = "Bai171", "Bai171\Bai171.vcxproj", "{01397AA5-534B-4784-8C71-FD01542E359A}"
EndProject
Global
	GlobalSection(SolutionConfigurationPlatforms) = preSolution
		Debug|x64 = Debug|x64
		Debug|x86 = Debug|x86
		Release|x64 = Release|x64
		Release|x86 = Release|x86
	EndGlobalSection
	GlobalSection(ProjectConfigurationPlatforms) = postSolution
		{1DB0DFCC-088C-4D82-A0DC-CDAA052E6EAB}.Debug|x64.ActiveCfg = Debug|x64
		{1DB0DFCC-088C-4D82-A0DC-CDAA052E6EAB}.Debug|x64.Build.0 = Debug|x64
		{1DB0DFCC-088C-4D82-A0DC-CDAA052E6EAB}.Debug|x86.ActiveCfg = Debug|Win32
		{1DB0DFCC-088C-4D82-A0DC-CDAA052E6EAB}.Debug|x86.Build.0 = Debug|Win32
		{1DB0DFCC-088C-4D82-A0DC-CDAA052E6EAB}.Release|x64.ActiveCfg = Release|x64
		{1DB0DFCC-088C-4D82-A0DC-CDAA052E6EAB}.Release|x64.Build.0 = Release|x64
		{1DB0DFCC-088C-4D82-A0DC-CDAA052E6EAB}.Release|x86.ActiveCfg = Release|Win32
		{1DB0DFCC-088C-4D82-A0DC-CDAA052E6EAB}.Release|x86.Build.0 = Release|Win32
		{0AFC39C0-1862-456F-AAF5-E7FCA3C0E619}.Debug|x64.ActiveCfg = Debug|x64
		{0AFC39C0-1862-456F-AAF5-E7FCA3C0E619}.Debug|x64.Build.0 = Debug|x64
		{0AFC39C0-1862-456F-AAF5-E7FCA3C0E619}.Debug|x86.ActiveCfg = Debug|Win32
		{0AFC39C0-1862-456F-AAF5-E7FCA3C0E619}.Debug|x86.Build.0 = Debug|Win32
		{0AFC39C0-1862-456F-AAF5-E7FCA3C0E619}.Release|x64.ActiveCfg = Release|x64
		{0AFC39C0-1862-456F-AAF5-E7FCA3C0E619}.Release|x64.Build.0 = Release|x64
		{0AFC39C0-1862-456F-AAF5-E7FCA3C0E619}.Release|x86.ActiveCfg = Release|Win32
		{0AFC39C0-1862-456F-AAF5-E7FCA3C0E619}.Release|x86.Build.0 = Release|Win32
		{3B621BA5-4303-4306-9CDD-264FC468C974}.Debug|x64.ActiveCfg = Debug|x64
		{3B621BA5-4303-4306-9CDD-264FC468C974}.Debug|x64.Build.0 = Debug|x64
		{3B621BA5-4303-4306-9CDD-264FC468C974}.Debug|x86.ActiveCfg = Debug|Win32
		{3B621BA5-4303-4306-9CDD-264FC468C974}.Debug|x86.Build.0 = Debug|Win32
		{3B621BA5-4303-4306-9CDD-264FC468C974}.Release|x64.ActiveCfg = Release|x64
		{3B621BA5-4303-4306-9CDD-264FC468C974}.Release|x64.Build.0 = Release|x64
		{3B621BA5-4303-4306-9CDD-264FC468C974}.Release|x86.ActiveCfg = Release|Win32
		{3B621BA5-4303-4306-9CDD-264FC468C974}.Release|x86.Build.0 = Release|Win32
		{4F009F9D-7CCB-40F5-95A5-64B00B3A0C05}.Debug|x64.ActiveCfg = Debug|x64
		{4F009F9D-7CCB-40F5-95A5-64B00B3A0C05}.Debug|x64.Build.0 = Debug|x64
		{4F009F9D-7CCB-40F5-95A5-64B00B3A0C05}.Debug|x86.ActiveCfg = Debug|Win32
		{4F009F9D-7CCB-40F5-95A5-64B00B3A0C05}.Debug|x86.Build.0 = Debug|Win32
		{4F009F9D-7CCB-40F5-95A5-64B00B3A0C05}.Release|x64.ActiveCfg = Release|x64
		{4F009F9D-7CCB-40F5-95A5-64B00B3A0C05}.Release|x64.Build.0 = Release|x64
		{4F009F9D-7CCB-40F5-95A5-64B00B3A0C05}.Release|x86.ActiveCfg = Release|Win32
		{4F009F9D-7CCB-40F5-95A5-64B00B3A0C05}.Release|x86.Build.0 = Release|Win32
		{601C6229-D38D-4C63-BC6E-13DC42DA78B4}.Debug|x64.ActiveCfg = Debug|x64
		{601C6229-D38D-4C63-BC6E-13DC42DA78B4}.Debug|x64.Build.0 = Debug|x64
		{601C6229-D38D-4C63-BC6E-13DC42DA78B4}.Debug|x86.ActiveCfg = Debug|Win32
		{601C6229-D38D-4C63-BC6E-13DC42DA78B4}.Debug|x86.Build.0 = Debug|Win32
		{601C6229-D38D-4C63-BC6E-13DC42DA78B4}.Release|x64.ActiveCfg = Release|x64
		{601C6229-D38D-4C63-BC6E-13DC42DA78B4}.Release|x64.Build.0 = Release|x64
		{601C6229-D38D-4C63-BC6E-13DC42DA78B4}.Release|x86.ActiveCfg = Release|Win32
		{601C6229-D38D-4C63-BC6E-13DC42DA78B4}.Release|x86.Build.0 = Release|Win32
		{24501592-CE33-4F32-B063-9FA2682F7FE0}.Debug|x64.ActiveCfg = Debug|x64
		{24501592-CE33-4F32-B063-9FA2682F7FE0}.Debug|x64.Build.0 = Debug|x64
		{24501592-CE33-4F32-B063-9FA2682F7FE0}.Debug|x86.ActiveCfg = Debug|Win32
		{24501592-CE33-4F32-B063-9FA2682F7FE0}.Debug|x86.Build.0 = Debug|Win32
		{24501592-CE33-4F32-B063-9FA2682F7FE0}.Release|x64.ActiveCfg = Release|x64
		{24501592-CE33-4F32-B063-9FA2682F7FE0}.Release|x64.Build.0 = Release|x64
		{24501592-CE33-4F32-B063-9FA2682F7FE0}.Release|x86.ActiveCfg = Release|Win32
		{24501592-CE33-4F32-B063-9FA2682F7FE0}.Release|x86.Build.0 = Release|Win32
		{E6455EBD-A21E-4842-8533-DA46AC78E5EB}.Debug|x64.ActiveCfg = Debug|x64
		{E6455EBD-A21E-4842-8533-DA46AC78E5EB}.Debug|x64.Build.0 = Debug|x64
		{E6455EBD-A21E-4842-8533-DA46AC78E5EB}.Debug|x86.ActiveCfg = Debug|Win32
		{E6455EBD-A21E-4842-8533-DA46AC78E5EB}.Debug|x86.Build.0 = Debug|Win32
		{E6455EBD-A21E-4842-8533-DA46AC78E5EB}.Release|x64.ActiveCfg = Release|x64
		{E6455EBD-A21E-4842-8533-DA46AC78E5EB}.Release|x64.Build.0 = Release|x64
		{E6455EBD-A21E-4842-8533-DA46AC78E5EB}.Release|x86.ActiveCfg = Release|Win32
		{E6455EBD-A21E-4842-8533-DA46AC78E5EB}.Release|x86.Build.0 = Release|Win32
		{9153792B-5CB0-4692-BE00-FBE872487476}.Debug|x64.ActiveCfg = Debug|x64
		{9153792B-5CB0-4692-BE00-FBE872487476}.Debug|x64.Build.0 = Debug|x64
		{9153792B-5CB0-4692-BE00-FBE872487476}.Debug|x86.ActiveCfg = Debug|Win32
		{9153792B-5CB0-4692-BE00-FBE872487476}.Debug|x86.Build.0 = Debug|Win32
		{9153792B-5CB0-4692-BE00-FBE872487476}.Release|x64.ActiveCfg = Release|x64
		{9153792B-5CB0-4692-BE00-FBE872487476}.Release|x64.Build.0 = Release|x64
		{9153792B-5CB0-4692-BE00-FBE872487476}.Release|x86.ActiveCfg = Release|Win32
		{9153792B-5CB0-4692-BE00-FBE872487476}.Release|x86.Build.0 = Release|Win32
		{AF51213A-835C-4868-A28C-F25240333C7C}.Debug|x64.ActiveCfg = Debug|x64
		{AF51213A-835C-4868-A28C-F25240333C7C}.Debug|x64.Build.0 = Debug|x64
		{AF51213A-835C-4868-A28C-F25240333C7C}.Debug|x86.ActiveCfg = Debug|Win32
		{AF51213A-835C-4868-A28C-F25240333C7C}.Debug|x86.Build.0 = Debug|Win32
		{AF51213A-835C-4868-A28C-F25240333C7C}.Release|x64.ActiveCfg = Release|x64
		{AF51213A-835C-4868-A28C-F25240333C7C}.Release|x64.Build.0 = Release|x64
		{AF51213A-835C-4868-A28C-F25240333C7C}.Release|x86.ActiveCfg = Release|Win32
		{AF51213A-835C-4868-A28C-F25240333C7C}.Release|x86.Build.0 = Release|Win32
		{5A42FC9F-DBFF-4865-A214-11B0C6FE8895}.Debug|x64.ActiveCfg = Debug|x64
		{5A42FC9F-DBFF-4865-A214-11B0C6FE8895}.Debug|x64.Build.0 = Debug|x64
		{5A42FC9F-DBFF-4865-A214-11B0C6FE8895}.Debug|x86.ActiveCfg = Debug|Win32
		{5A42FC9F-DBFF-4865-A214-11B0C6FE8895}.Debug|x86.Build.0 = Debug|Win32
		{5A42FC9F-DBFF-4865-A214-11B0C6FE8895}.Release|x64.ActiveCfg = Release|x64
		{5A42FC9F-DBFF-4865-A214-11B0C6FE8895}.Release|x64.Build.0 = Release|x64
		{5A42FC9F-DBFF-4865-A214-11B0C6FE8895}.Release|x86.ActiveCfg = Release|Win32
		{5A42FC9F-DBFF-4865-A214-11B0C6FE8895}.Release|x86.Build.0 = Release|Win32
		{72640B62-5B31-494F-A6E2-FBBA3076E972}.Debug|x64.ActiveCfg = Debug|x64
		{72640B62-5B31-494F-A6E2-FBBA3076E972}.Debug|x64.Build.0 = Debug|x64
		{72640B62-5B31-494F-A6E2-FBBA3076E972}.Debug|x86.ActiveCfg = Debug|Win32
		{72640B62-5B31-494F-A6E2-FBBA3076E972}.Debug|x86.Build.0 = Debug|Win32
		{72640B62-5B31-494F-A6E2-FBBA3076E972}.Release|x64.ActiveCfg = Release|x64
		{72640B62-5B31-494F-A6E2-FBBA3076E972}.Release|x64.Build.0 = Release|x64
		{72640B62-5B31-494F-A6E2-FBBA3076E972}.Release|x86.ActiveCfg = Release|Win32
		{72640B62-5B31-494F-A6E2-FBBA3076E972}.Release|x86.Build.0 = Release|Win32
		{D208AFC8-61A3-4377-A09A-4E1E70E7F3CB}.Debug|x64.ActiveCfg = Debug|x64
		{D208AFC8-61A3-4377-A09A-4E1E70E7F3CB}.Debug|x64.Build.0 = Debug|x64
		{D208AFC8-61A3-4377-A09A-4E1E70E7F3CB}.Debug|x86.ActiveCfg = Debug|Win32
		{D208AFC8-61A3-4377-A09A-4E1E70E7F3CB}.Debug|x86.Build.0 = Debug|Win32
		{D208AFC8-61A3-4377-A09A-4E1E70E7F3CB}.Release|x64.ActiveCfg = Release|x64
		{D208AFC8-61A3-4377-A09A-4E1E70E7F3CB}.Release|x64.Build.0 = Release|x64
		{D208AFC8-61A3-4377-A09A-4E1E70E7F3CB}.Release|x86.ActiveCfg = Release|Win32
		{D208AFC8-61A3-4377-A09A-4E1E70E7F3CB}.Release|x86.Build.0 = Release|Win32
		{C90949ED-7D51-4392-942B-A5CDD5C1298D}.Debug|x64.ActiveCfg = Debug|x64
		{C90949ED-7D51-4392-942B-A5CDD5C1298D}.Debug|x64.Build.0 = Debug|x64
		{C90949ED-7D51-4392-942B-A5CDD5C1298D}.Debug|x86.ActiveCfg = Debug|Win32
		{C90949ED-7D51-4392-942B-A5CDD5C1298D}.Debug|x86.Build.0 = Debug|Win32
		{C90949ED-7D51-4392-942B-A5CDD5C1298D}.Release|x64.ActiveCfg = Release|x64
		{C90949ED-7D51-4392-942B-A5CDD5C1298D}.Release|x64.Build.0 = Release|x64
		{C90949ED-7D51-4392-942B-A5CDD5C1298D}.Release|x86.ActiveCfg = Release|Win32
		{C90949ED-7D51-4392-942B-A5CDD5C1298D}.Release|x86.Build.0 = Release|Win32
		{C5D2929B-0F80-4BAF-AB41-153F26A6EBA6}.Debug|x64.ActiveCfg = Debug|x64
		{C5D2929B-0F80-4BAF-AB41-153F26A6EBA6}.Debug|x64.Build.0 = Debug|x64
		{C5D2929B-0F80-4BAF-AB41-153F26A6EBA6}.Debug|x86.ActiveCfg = Debug|Win32
		{C5D2929B-0F80-4BAF-AB41-153F26A6EBA6}.Debug|x86.Build.0 = Debug|Win32
		{C5D2929B-0F80-4BAF-AB41-153F26A6EBA6}.Release|x64.ActiveCfg = Release|x64
		{C5D2929B-0F80-4BAF-AB41-153F26A6EBA6}.Release|x64.Build.0 = Release|x64
		{C5D2929B-0F80-4BAF-AB41-153F26A6EBA6}.Release|x86.ActiveCfg = Release|Win32
		{C5D2929B-0F80-4BAF-AB41-153F26A6EBA6}.Release|x86.Build.0 = Release|Win32
		{C19A5C38-3F53-4E2B-A96B-C8B8E28CD5A4}.Debug|x64.ActiveCfg = Debug|x64
		{C19A5C38-3F53-4E2B-A96B-C8B8E28CD5A4}.Debug|x64.Build.0 = Debug|x64
		{C19A5C38-3F53-4E2B-A96B-C8B8E28CD5A4}.Debug|x86.ActiveCfg = Debug|Win32
		{C19A5C38-3F53-4E2B-A96B-C8B8E28CD5A4}.Debug|x86.Build.0 = Debug|Win32
		{C19A5C38-3F53-4E2B-A96B-C8B8E28CD5A4}.Release|x64.ActiveCfg = Release|x64
		{C19A5C38-3F53-4E2B-A96B-C8B8E28CD5A4}.Release|x64.Build.0 = Release|x64
		{C19A5C38-3F53-4E2B-A96B-C8B8E28CD5A4}.Release|x86.ActiveCfg = Release|Win32
		{C19A5C38-3F53-4E2B-A96B-C8B8E28CD5A4}.Release|x86.Build.0 = Release|Win32
		{20619847-B5D4-4490-B034-7E26D328354A}.Debug|x64.ActiveCfg = Debug|x64
		{20619847-B5D4-4490-B034-7E26D328354A}.Debug|x64.Build.0 = Debug|x64
		{20619847-B5D4-4490-B034-7E26D328354A}.Debug|x86.ActiveCfg = Debug|Win32
		{20619847-B5D4-4490-B034-7E26D328354A}.Debug|x86.Build.0 = Debug|Win32
		{20619847-B5D4-4490-B034-7E26D328354A}.Release|x64.ActiveCfg = Release|x64
		{20619847-B5D4-4490-B034-7E26D328354A}.Release|x64.Build.0 = Release|x64
		{20619847-B5D4-4490-B034-7E26D328354A}.Release|x86.ActiveCfg = Release|Win32
		{20619847-B5D4-4490-B034-7E26D328354A}.Release|x86.Build.0 = Release|Win32
		{C92B3962-E07C-47FC-81A8-8C88B04552FC}.Debug|x64.ActiveCfg = Debug|x64
		{C92B3962-E07C-47FC-81A8-8C88B04552FC}.Debug|x64.Build.0 = Debug|x64
		{C92B3962-E07C-47FC-81A8-8C88B04552FC}.Debug|x86.ActiveCfg = Debug|Win32
		{C92B3962-E07C-47FC-81A8-8C88B04552FC}.Debug|x86.Build.0 = Debug|Win32
		{C92B3962-E07C-47FC-81A8-8C88B04552FC}.Release|x64.ActiveCfg = Release|x64
		{C92B3962-E07C-47FC-81A8-8C88B04552FC}.Release|x64.Build.0 = Release|x64
		{C92B3962-E07C-47FC-81A8-8C88B04552FC}.Release|x86.ActiveCfg = Release|Win32
		{C92B3962-E07C-47FC-81A8-8C88B04552FC}.Release|x86.Build.0 = Release|Win32
		{ABB24F52-6C37-46F7-B8A2-A744162D5ED0}.Debug|x64.ActiveCfg = Debug|x64
		{ABB24F52-6C37-46F7-B8A2-A744162D5ED0}.Debug|x64.Build.0 = Debug|x64
		{ABB24F52-6C37-46F7-B8A2-A744162D5ED0}.Debug|x86.ActiveCfg = Debug|Win32
		{ABB24F52-6C37-46F7-B8A2-A744162D5ED0}.Debug|x86.Build.0 = Debug|Win32
		{ABB24F52-6C37-46F7-B8A2-A744162D5ED0}.Release|x64.ActiveCfg = Release|x64
		{ABB24F52-6C37-46F7-B8A2-A744162D5ED0}.Release|x64.Build.0 = Release|x64
		{ABB24F52-6C37-46F7-B8A2-A744162D5ED0}.Release|x86.ActiveCfg = Release|Win32
		{ABB24F52-6C37-46F7-B8A2-A744162D5ED0}.Release|x86.Build.0 = Release|Win32
		{A4525D75-623F-4B1E-AF43-5C9F24100C86}.Debug|x64.ActiveCfg = Debug|x64
		{A4525D75-623F-4B1E-AF43-5C9F24100C86}.Debug|x64.Build.0 = Debug|x64
		{A4525D75-623F-4B1E-AF43-5C9F24100C86}.Debug|x86.ActiveCfg = Debug|Win32
		{A4525D75-623F-4B1E-AF43-5C9F24100C86}.Debug|x86.Build.0 = Debug|Win32
		{A4525D75-623F-4B1E-AF43-5C9F24100C86}.Release|x64.ActiveCfg = Release|x64
		{A4525D75-623F-4B1E-AF43-5C9F24100C86}.Release|x64.Build.0 = Release|x64
		{A4525D75-623F-4B1E-AF43-5C9F24100C86}.Release|x86.ActiveCfg = Release|Win32
		{A4525D75-623F-4B1E-AF43-5C9F24100C86}.Release|x86.Build.0 = Release|Win32
		{1111F5EB-B4EE-4749-907E-36C835A48F52}.Debug|x64.ActiveCfg = Debug|x64
		{1111F5EB-B4EE-4749-907E-36C835A48F52}.Debug|x64.Build.0 = Debug|x64
		{1111F5EB-B4EE-4749-907E-36C835A48F52}.Debug|x86.ActiveCfg = Debug|Win32
		{1111F5EB-B4EE-4749-907E-36C835A48F52}.Debug|x86.Build.0 = Debug|Win32
		{1111F5EB-B4EE-4749-907E-36C835A48F52}.Release|x64.ActiveCfg = Release|x64
		{1111F5EB-B4EE-4749-907E-36C835A48F52}.Release|x64.Build.0 = Release|x64
		{1111F5EB-B4EE-4749-907E-36C835A48F52}.Release|x86.ActiveCfg = Release|Win32
		{1111F5EB-B4EE-4749-907E-36C835A48F52}.Release|x86.Build.0 = Release|Win32
		{9EDBA15C-BEC1-465E-86A7-20D1924D9536}.Debug|x64.ActiveCfg = Debug|x64
		{9EDBA15C-BEC1-465E-86A7-20D1924D9536}.Debug|x64.Build.0 = Debug|x64
		{9EDBA15C-BEC1-465E-86A7-20D1924D9536}.Debug|x86.ActiveCfg = Debug|Win32
		{9EDBA15C-BEC1-465E-86A7-20D1924D9536}.Debug|x86.Build.0 = Debug|Win32
		{9EDBA15C-BEC1-465E-86A7-20D1924D9536}.Release|x64.ActiveCfg = Release|x64
		{9EDBA15C-BEC1-465E-86A7-20D1924D9536}.Release|x64.Build.0 = Release|x64
		{9EDBA15C-BEC1-465E-86A7-20D1924D9536}.Release|x86.ActiveCfg = Release|Win32
		{9EDBA15C-BEC1-465E-86A7-20D1924D9536}.Release|x86.Build.0 = Release|Win32
		{01397AA5-534B-4784-8C71-FD01542E359A}.Debug|x64.ActiveCfg = Debug|x64
		{01397AA5-534B-4784-8C71-FD01542E359A}.Debug|x64.Build.0 = Debug|x64
		{01397AA5-534B-4784-8C71-FD01542E359A}.Debug|x86.ActiveCfg = Debug|Win32
		{01397AA5-534B-4784-8C71-FD01542E359A}.Debug|x86.Build.0 = Debug|Win32
		{01397AA5-534B-4784-8C71-FD01542E359A}.Release|x64.ActiveCfg = Release|x64
		{01397AA5-534B-4784-8C71-FD01542E359A}.Release|x64.Build.0 = Release|x64
		{01397AA5-534B-4784-8C71-FD01542E359A}.Release|x86.ActiveCfg = Release|Win32
		{01397AA5-534B-4784-8C71-FD01542E359A}.Release|x86.Build.0 = Release|Win32
	EndGlobalSection
	GlobalSection(SolutionProperties) = preSolution
		HideSolutionNode = FALSE
	EndGlobalSection
	GlobalSection(ExtensibilityGlobals) = postSolution
		SolutionGuid = {8253A6DB-DC62-43E8-A6C0-6CCC1FA43C3F}
	EndGlobalSection
EndGlobal
