
Microsoft Visual Studio Solution File, Format Version 12.00
# Visual Studio Version 17
VisualStudioVersion = 17.1.32228.430
MinimumVisualStudioVersion = 10.0.40219.1
Project("{8BC9CEB8-8B4A-11D0-8D11-00A0C91BC942}") = "Bai009", "Bai009\Bai009.vcxproj", "{38D0C91F-FF7E-4752-8B2F-02EB5AC598AE}"
EndProject
Project("{8BC9CEB8-8B4A-11D0-8D11-00A0C91BC942}") = "Bai010", "Bai010\Bai010.vcxproj", "{8FC0DB6C-5E8A-476E-B0A0-43F933D273E8}"
EndProject
Project("{8BC9CEB8-8B4A-11D0-8D11-00A0C91BC942}") = "Bai011", "Bai011\Bai011.vcxproj", "{ACD5063F-4A77-45B8-A037-5595F1633B36}"
EndProject
Project("{8BC9CEB8-8B4A-11D0-8D11-00A0C91BC942}") = "Bai012", "Bai012\Bai12.vcxproj", "{A7F62CF8-FE9C-4E6C-BB37-B34F180B9E1A}"
EndProject
Project("{8BC9CEB8-8B4A-11D0-8D11-00A0C91BC942}") = "Bai037", "Bai037\Bai037.vcxproj", "{BB3A4011-A6EA-4D3D-8CCA-E36A4DFF529D}"
EndProject
Project("{8BC9CEB8-8B4A-11D0-8D11-00A0C91BC942}") = "Bai038", "Bai038\Bai038.vcxproj", "{F396D65B-3DA2-4C92-BFA2-38EAACA54629}"
EndProject
Project("{8BC9CEB8-8B4A-11D0-8D11-00A0C91BC942}") = "Bai054", "Bai054\Bai054.vcxproj", "{9F820DCD-DE03-4E83-8469-D81821357D49}"
EndProject
Project("{8BC9CEB8-8B4A-11D0-8D11-00A0C91BC942}") = "Bai055", "Bai055\Bai055.vcxproj", "{23965402-8F71-4A42-8565-5C20F536D41D}"
EndProject
Project("{8BC9CEB8-8B4A-11D0-8D11-00A0C91BC942}") = "Bai070", "Bai070\Bai070.vcxproj", "{49257F50-D897-4B68-9F33-7D7AF9FF9C1A}"
EndProject
Project("{8BC9CEB8-8B4A-11D0-8D11-00A0C91BC942}") = "Bai071", "Bai071\Bai071.vcxproj", "{2269A574-2FE7-4608-A2B2-06A0632CA42C}"
EndProject
Project("{8BC9CEB8-8B4A-11D0-8D11-00A0C91BC942}") = "Bai082", "Bai082\Bai082.vcxproj", "{D3F5F9FB-6B69-4F74-91A9-6A96B5E970E3}"
EndProject
Project("{8BC9CEB8-8B4A-11D0-8D11-00A0C91BC942}") = "Bai083", "Bai083\Bai083.vcxproj", "{02CFBED0-ACC0-492B-8382-A8BFC42F603B}"
EndProject
Project("{8BC9CEB8-8B4A-11D0-8D11-00A0C91BC942}") = "Bai084", "Bai084\Bai084.vcxproj", "{7458BDB7-57A7-4C67-A3D1-A69060A72106}"
EndProject
Project("{8BC9CEB8-8B4A-11D0-8D11-00A0C91BC942}") = "Bai085", "Bai085\Bai085.vcxproj", "{FF1B1CE0-A1B9-47D9-AC77-C1D1A1F56AD9}"
EndProject
Project("{8BC9CEB8-8B4A-11D0-8D11-00A0C91BC942}") = "Bai086", "Bai086\Bai086.vcxproj", "{C9BB186B-F550-41A3-A261-8874A7A1250F}"
EndProject
Project("{8BC9CEB8-8B4A-11D0-8D11-00A0C91BC942}") = "Bai120", "Bai120\Bai120.vcxproj", "{67AABC95-0F66-4985-B79C-8B40A21048D9}"
EndProject
Project("{8BC9CEB8-8B4A-11D0-8D11-00A0C91BC942}") = "Bai139", "Bai139\Bai139.vcxproj", "{8D209175-FF8C-424B-89EA-CF73A2FE8798}"
EndProject
Project("{8BC9CEB8-8B4A-11D0-8D11-00A0C91BC942}") = "Bai147", "Bai147\Bai147.vcxproj", "{DB629297-F87F-44A9-B4C6-7D7E61924D15}"
EndProject
Project("{8BC9CEB8-8B4A-11D0-8D11-00A0C91BC942}") = "Bai155", "Bai155\Bai155.vcxproj", "{D907AACB-8199-4781-8927-557300856959}"
EndProject
Project("{8BC9CEB8-8B4A-11D0-8D11-00A0C91BC942}") = "Bai163", "Bai163\Bai163.vcxproj", "{98556A85-95F5-4839-8ED4-3DECD9EBF9D8}"
EndProject
Project("{8BC9CEB8-8B4A-11D0-8D11-00A0C91BC942}") = "Bai174", "Bai174\Bai174.vcxproj", "{0C2FF10F-45E7-4112-B5D1-3E86D7F195F5}"
EndProject
Project("{8BC9CEB8-8B4A-11D0-8D11-00A0C91BC942}") = "Bai179", "Bai179\Bai179.vcxproj", "{E8DDD7BA-9FAC-4383-BAC0-2150FE63B678}"
EndProject
Project("{8BC9CEB8-8B4A-11D0-8D11-00A0C91BC942}") = "Bai121", "Bai121\Bai121.vcxproj", "{C671E5E3-6665-4424-8399-DC6E4D2CB4F0}"
EndProject
Global
	GlobalSection(SolutionConfigurationPlatforms) = preSolution
		Debug|x64 = Debug|x64
		Debug|x86 = Debug|x86
		Release|x64 = Release|x64
		Release|x86 = Release|x86
	EndGlobalSection
	GlobalSection(ProjectConfigurationPlatforms) = postSolution
		{38D0C91F-FF7E-4752-8B2F-02EB5AC598AE}.Debug|x64.ActiveCfg = Debug|x64
		{38D0C91F-FF7E-4752-8B2F-02EB5AC598AE}.Debug|x64.Build.0 = Debug|x64
		{38D0C91F-FF7E-4752-8B2F-02EB5AC598AE}.Debug|x86.ActiveCfg = Debug|Win32
		{38D0C91F-FF7E-4752-8B2F-02EB5AC598AE}.Debug|x86.Build.0 = Debug|Win32
		{38D0C91F-FF7E-4752-8B2F-02EB5AC598AE}.Release|x64.ActiveCfg = Release|x64
		{38D0C91F-FF7E-4752-8B2F-02EB5AC598AE}.Release|x64.Build.0 = Release|x64
		{38D0C91F-FF7E-4752-8B2F-02EB5AC598AE}.Release|x86.ActiveCfg = Release|Win32
		{38D0C91F-FF7E-4752-8B2F-02EB5AC598AE}.Release|x86.Build.0 = Release|Win32
		{8FC0DB6C-5E8A-476E-B0A0-43F933D273E8}.Debug|x64.ActiveCfg = Debug|x64
		{8FC0DB6C-5E8A-476E-B0A0-43F933D273E8}.Debug|x64.Build.0 = Debug|x64
		{8FC0DB6C-5E8A-476E-B0A0-43F933D273E8}.Debug|x86.ActiveCfg = Debug|Win32
		{8FC0DB6C-5E8A-476E-B0A0-43F933D273E8}.Debug|x86.Build.0 = Debug|Win32
		{8FC0DB6C-5E8A-476E-B0A0-43F933D273E8}.Release|x64.ActiveCfg = Release|x64
		{8FC0DB6C-5E8A-476E-B0A0-43F933D273E8}.Release|x64.Build.0 = Release|x64
		{8FC0DB6C-5E8A-476E-B0A0-43F933D273E8}.Release|x86.ActiveCfg = Release|Win32
		{8FC0DB6C-5E8A-476E-B0A0-43F933D273E8}.Release|x86.Build.0 = Release|Win32
		{ACD5063F-4A77-45B8-A037-5595F1633B36}.Debug|x64.ActiveCfg = Debug|x64
		{ACD5063F-4A77-45B8-A037-5595F1633B36}.Debug|x64.Build.0 = Debug|x64
		{ACD5063F-4A77-45B8-A037-5595F1633B36}.Debug|x86.ActiveCfg = Debug|Win32
		{ACD5063F-4A77-45B8-A037-5595F1633B36}.Debug|x86.Build.0 = Debug|Win32
		{ACD5063F-4A77-45B8-A037-5595F1633B36}.Release|x64.ActiveCfg = Release|x64
		{ACD5063F-4A77-45B8-A037-5595F1633B36}.Release|x64.Build.0 = Release|x64
		{ACD5063F-4A77-45B8-A037-5595F1633B36}.Release|x86.ActiveCfg = Release|Win32
		{ACD5063F-4A77-45B8-A037-5595F1633B36}.Release|x86.Build.0 = Release|Win32
		{A7F62CF8-FE9C-4E6C-BB37-B34F180B9E1A}.Debug|x64.ActiveCfg = Debug|x64
		{A7F62CF8-FE9C-4E6C-BB37-B34F180B9E1A}.Debug|x64.Build.0 = Debug|x64
		{A7F62CF8-FE9C-4E6C-BB37-B34F180B9E1A}.Debug|x86.ActiveCfg = Debug|Win32
		{A7F62CF8-FE9C-4E6C-BB37-B34F180B9E1A}.Debug|x86.Build.0 = Debug|Win32
		{A7F62CF8-FE9C-4E6C-BB37-B34F180B9E1A}.Release|x64.ActiveCfg = Release|x64
		{A7F62CF8-FE9C-4E6C-BB37-B34F180B9E1A}.Release|x64.Build.0 = Release|x64
		{A7F62CF8-FE9C-4E6C-BB37-B34F180B9E1A}.Release|x86.ActiveCfg = Release|Win32
		{A7F62CF8-FE9C-4E6C-BB37-B34F180B9E1A}.Release|x86.Build.0 = Release|Win32
		{BB3A4011-A6EA-4D3D-8CCA-E36A4DFF529D}.Debug|x64.ActiveCfg = Debug|x64
		{BB3A4011-A6EA-4D3D-8CCA-E36A4DFF529D}.Debug|x64.Build.0 = Debug|x64
		{BB3A4011-A6EA-4D3D-8CCA-E36A4DFF529D}.Debug|x86.ActiveCfg = Debug|Win32
		{BB3A4011-A6EA-4D3D-8CCA-E36A4DFF529D}.Debug|x86.Build.0 = Debug|Win32
		{BB3A4011-A6EA-4D3D-8CCA-E36A4DFF529D}.Release|x64.ActiveCfg = Release|x64
		{BB3A4011-A6EA-4D3D-8CCA-E36A4DFF529D}.Release|x64.Build.0 = Release|x64
		{BB3A4011-A6EA-4D3D-8CCA-E36A4DFF529D}.Release|x86.ActiveCfg = Release|Win32
		{BB3A4011-A6EA-4D3D-8CCA-E36A4DFF529D}.Release|x86.Build.0 = Release|Win32
		{F396D65B-3DA2-4C92-BFA2-38EAACA54629}.Debug|x64.ActiveCfg = Debug|x64
		{F396D65B-3DA2-4C92-BFA2-38EAACA54629}.Debug|x64.Build.0 = Debug|x64
		{F396D65B-3DA2-4C92-BFA2-38EAACA54629}.Debug|x86.ActiveCfg = Debug|Win32
		{F396D65B-3DA2-4C92-BFA2-38EAACA54629}.Debug|x86.Build.0 = Debug|Win32
		{F396D65B-3DA2-4C92-BFA2-38EAACA54629}.Release|x64.ActiveCfg = Release|x64
		{F396D65B-3DA2-4C92-BFA2-38EAACA54629}.Release|x64.Build.0 = Release|x64
		{F396D65B-3DA2-4C92-BFA2-38EAACA54629}.Release|x86.ActiveCfg = Release|Win32
		{F396D65B-3DA2-4C92-BFA2-38EAACA54629}.Release|x86.Build.0 = Release|Win32
		{9F820DCD-DE03-4E83-8469-D81821357D49}.Debug|x64.ActiveCfg = Debug|x64
		{9F820DCD-DE03-4E83-8469-D81821357D49}.Debug|x64.Build.0 = Debug|x64
		{9F820DCD-DE03-4E83-8469-D81821357D49}.Debug|x86.ActiveCfg = Debug|Win32
		{9F820DCD-DE03-4E83-8469-D81821357D49}.Debug|x86.Build.0 = Debug|Win32
		{9F820DCD-DE03-4E83-8469-D81821357D49}.Release|x64.ActiveCfg = Release|x64
		{9F820DCD-DE03-4E83-8469-D81821357D49}.Release|x64.Build.0 = Release|x64
		{9F820DCD-DE03-4E83-8469-D81821357D49}.Release|x86.ActiveCfg = Release|Win32
		{9F820DCD-DE03-4E83-8469-D81821357D49}.Release|x86.Build.0 = Release|Win32
		{23965402-8F71-4A42-8565-5C20F536D41D}.Debug|x64.ActiveCfg = Debug|x64
		{23965402-8F71-4A42-8565-5C20F536D41D}.Debug|x64.Build.0 = Debug|x64
		{23965402-8F71-4A42-8565-5C20F536D41D}.Debug|x86.ActiveCfg = Debug|Win32
		{23965402-8F71-4A42-8565-5C20F536D41D}.Debug|x86.Build.0 = Debug|Win32
		{23965402-8F71-4A42-8565-5C20F536D41D}.Release|x64.ActiveCfg = Release|x64
		{23965402-8F71-4A42-8565-5C20F536D41D}.Release|x64.Build.0 = Release|x64
		{23965402-8F71-4A42-8565-5C20F536D41D}.Release|x86.ActiveCfg = Release|Win32
		{23965402-8F71-4A42-8565-5C20F536D41D}.Release|x86.Build.0 = Release|Win32
		{49257F50-D897-4B68-9F33-7D7AF9FF9C1A}.Debug|x64.ActiveCfg = Debug|x64
		{49257F50-D897-4B68-9F33-7D7AF9FF9C1A}.Debug|x64.Build.0 = Debug|x64
		{49257F50-D897-4B68-9F33-7D7AF9FF9C1A}.Debug|x86.ActiveCfg = Debug|Win32
		{49257F50-D897-4B68-9F33-7D7AF9FF9C1A}.Debug|x86.Build.0 = Debug|Win32
		{49257F50-D897-4B68-9F33-7D7AF9FF9C1A}.Release|x64.ActiveCfg = Release|x64
		{49257F50-D897-4B68-9F33-7D7AF9FF9C1A}.Release|x64.Build.0 = Release|x64
		{49257F50-D897-4B68-9F33-7D7AF9FF9C1A}.Release|x86.ActiveCfg = Release|Win32
		{49257F50-D897-4B68-9F33-7D7AF9FF9C1A}.Release|x86.Build.0 = Release|Win32
		{2269A574-2FE7-4608-A2B2-06A0632CA42C}.Debug|x64.ActiveCfg = Debug|x64
		{2269A574-2FE7-4608-A2B2-06A0632CA42C}.Debug|x64.Build.0 = Debug|x64
		{2269A574-2FE7-4608-A2B2-06A0632CA42C}.Debug|x86.ActiveCfg = Debug|Win32
		{2269A574-2FE7-4608-A2B2-06A0632CA42C}.Debug|x86.Build.0 = Debug|Win32
		{2269A574-2FE7-4608-A2B2-06A0632CA42C}.Release|x64.ActiveCfg = Release|x64
		{2269A574-2FE7-4608-A2B2-06A0632CA42C}.Release|x64.Build.0 = Release|x64
		{2269A574-2FE7-4608-A2B2-06A0632CA42C}.Release|x86.ActiveCfg = Release|Win32
		{2269A574-2FE7-4608-A2B2-06A0632CA42C}.Release|x86.Build.0 = Release|Win32
		{D3F5F9FB-6B69-4F74-91A9-6A96B5E970E3}.Debug|x64.ActiveCfg = Debug|x64
		{D3F5F9FB-6B69-4F74-91A9-6A96B5E970E3}.Debug|x64.Build.0 = Debug|x64
		{D3F5F9FB-6B69-4F74-91A9-6A96B5E970E3}.Debug|x86.ActiveCfg = Debug|Win32
		{D3F5F9FB-6B69-4F74-91A9-6A96B5E970E3}.Debug|x86.Build.0 = Debug|Win32
		{D3F5F9FB-6B69-4F74-91A9-6A96B5E970E3}.Release|x64.ActiveCfg = Release|x64
		{D3F5F9FB-6B69-4F74-91A9-6A96B5E970E3}.Release|x64.Build.0 = Release|x64
		{D3F5F9FB-6B69-4F74-91A9-6A96B5E970E3}.Release|x86.ActiveCfg = Release|Win32
		{D3F5F9FB-6B69-4F74-91A9-6A96B5E970E3}.Release|x86.Build.0 = Release|Win32
		{02CFBED0-ACC0-492B-8382-A8BFC42F603B}.Debug|x64.ActiveCfg = Debug|x64
		{02CFBED0-ACC0-492B-8382-A8BFC42F603B}.Debug|x64.Build.0 = Debug|x64
		{02CFBED0-ACC0-492B-8382-A8BFC42F603B}.Debug|x86.ActiveCfg = Debug|Win32
		{02CFBED0-ACC0-492B-8382-A8BFC42F603B}.Debug|x86.Build.0 = Debug|Win32
		{02CFBED0-ACC0-492B-8382-A8BFC42F603B}.Release|x64.ActiveCfg = Release|x64
		{02CFBED0-ACC0-492B-8382-A8BFC42F603B}.Release|x64.Build.0 = Release|x64
		{02CFBED0-ACC0-492B-8382-A8BFC42F603B}.Release|x86.ActiveCfg = Release|Win32
		{02CFBED0-ACC0-492B-8382-A8BFC42F603B}.Release|x86.Build.0 = Release|Win32
		{7458BDB7-57A7-4C67-A3D1-A69060A72106}.Debug|x64.ActiveCfg = Debug|x64
		{7458BDB7-57A7-4C67-A3D1-A69060A72106}.Debug|x64.Build.0 = Debug|x64
		{7458BDB7-57A7-4C67-A3D1-A69060A72106}.Debug|x86.ActiveCfg = Debug|Win32
		{7458BDB7-57A7-4C67-A3D1-A69060A72106}.Debug|x86.Build.0 = Debug|Win32
		{7458BDB7-57A7-4C67-A3D1-A69060A72106}.Release|x64.ActiveCfg = Release|x64
		{7458BDB7-57A7-4C67-A3D1-A69060A72106}.Release|x64.Build.0 = Release|x64
		{7458BDB7-57A7-4C67-A3D1-A69060A72106}.Release|x86.ActiveCfg = Release|Win32
		{7458BDB7-57A7-4C67-A3D1-A69060A72106}.Release|x86.Build.0 = Release|Win32
		{FF1B1CE0-A1B9-47D9-AC77-C1D1A1F56AD9}.Debug|x64.ActiveCfg = Debug|x64
		{FF1B1CE0-A1B9-47D9-AC77-C1D1A1F56AD9}.Debug|x64.Build.0 = Debug|x64
		{FF1B1CE0-A1B9-47D9-AC77-C1D1A1F56AD9}.Debug|x86.ActiveCfg = Debug|Win32
		{FF1B1CE0-A1B9-47D9-AC77-C1D1A1F56AD9}.Debug|x86.Build.0 = Debug|Win32
		{FF1B1CE0-A1B9-47D9-AC77-C1D1A1F56AD9}.Release|x64.ActiveCfg = Release|x64
		{FF1B1CE0-A1B9-47D9-AC77-C1D1A1F56AD9}.Release|x64.Build.0 = Release|x64
		{FF1B1CE0-A1B9-47D9-AC77-C1D1A1F56AD9}.Release|x86.ActiveCfg = Release|Win32
		{FF1B1CE0-A1B9-47D9-AC77-C1D1A1F56AD9}.Release|x86.Build.0 = Release|Win32
		{C9BB186B-F550-41A3-A261-8874A7A1250F}.Debug|x64.ActiveCfg = Debug|x64
		{C9BB186B-F550-41A3-A261-8874A7A1250F}.Debug|x64.Build.0 = Debug|x64
		{C9BB186B-F550-41A3-A261-8874A7A1250F}.Debug|x86.ActiveCfg = Debug|Win32
		{C9BB186B-F550-41A3-A261-8874A7A1250F}.Debug|x86.Build.0 = Debug|Win32
		{C9BB186B-F550-41A3-A261-8874A7A1250F}.Release|x64.ActiveCfg = Release|x64
		{C9BB186B-F550-41A3-A261-8874A7A1250F}.Release|x64.Build.0 = Release|x64
		{C9BB186B-F550-41A3-A261-8874A7A1250F}.Release|x86.ActiveCfg = Release|Win32
		{C9BB186B-F550-41A3-A261-8874A7A1250F}.Release|x86.Build.0 = Release|Win32
		{67AABC95-0F66-4985-B79C-8B40A21048D9}.Debug|x64.ActiveCfg = Debug|x64
		{67AABC95-0F66-4985-B79C-8B40A21048D9}.Debug|x64.Build.0 = Debug|x64
		{67AABC95-0F66-4985-B79C-8B40A21048D9}.Debug|x86.ActiveCfg = Debug|Win32
		{67AABC95-0F66-4985-B79C-8B40A21048D9}.Debug|x86.Build.0 = Debug|Win32
		{67AABC95-0F66-4985-B79C-8B40A21048D9}.Release|x64.ActiveCfg = Release|x64
		{67AABC95-0F66-4985-B79C-8B40A21048D9}.Release|x64.Build.0 = Release|x64
		{67AABC95-0F66-4985-B79C-8B40A21048D9}.Release|x86.ActiveCfg = Release|Win32
		{67AABC95-0F66-4985-B79C-8B40A21048D9}.Release|x86.Build.0 = Release|Win32
		{8D209175-FF8C-424B-89EA-CF73A2FE8798}.Debug|x64.ActiveCfg = Debug|x64
		{8D209175-FF8C-424B-89EA-CF73A2FE8798}.Debug|x64.Build.0 = Debug|x64
		{8D209175-FF8C-424B-89EA-CF73A2FE8798}.Debug|x86.ActiveCfg = Debug|Win32
		{8D209175-FF8C-424B-89EA-CF73A2FE8798}.Debug|x86.Build.0 = Debug|Win32
		{8D209175-FF8C-424B-89EA-CF73A2FE8798}.Release|x64.ActiveCfg = Release|x64
		{8D209175-FF8C-424B-89EA-CF73A2FE8798}.Release|x64.Build.0 = Release|x64
		{8D209175-FF8C-424B-89EA-CF73A2FE8798}.Release|x86.ActiveCfg = Release|Win32
		{8D209175-FF8C-424B-89EA-CF73A2FE8798}.Release|x86.Build.0 = Release|Win32
		{DB629297-F87F-44A9-B4C6-7D7E61924D15}.Debug|x64.ActiveCfg = Debug|x64
		{DB629297-F87F-44A9-B4C6-7D7E61924D15}.Debug|x64.Build.0 = Debug|x64
		{DB629297-F87F-44A9-B4C6-7D7E61924D15}.Debug|x86.ActiveCfg = Debug|Win32
		{DB629297-F87F-44A9-B4C6-7D7E61924D15}.Debug|x86.Build.0 = Debug|Win32
		{DB629297-F87F-44A9-B4C6-7D7E61924D15}.Release|x64.ActiveCfg = Release|x64
		{DB629297-F87F-44A9-B4C6-7D7E61924D15}.Release|x64.Build.0 = Release|x64
		{DB629297-F87F-44A9-B4C6-7D7E61924D15}.Release|x86.ActiveCfg = Release|Win32
		{DB629297-F87F-44A9-B4C6-7D7E61924D15}.Release|x86.Build.0 = Release|Win32
		{D907AACB-8199-4781-8927-557300856959}.Debug|x64.ActiveCfg = Debug|x64
		{D907AACB-8199-4781-8927-557300856959}.Debug|x64.Build.0 = Debug|x64
		{D907AACB-8199-4781-8927-557300856959}.Debug|x86.ActiveCfg = Debug|Win32
		{D907AACB-8199-4781-8927-557300856959}.Debug|x86.Build.0 = Debug|Win32
		{D907AACB-8199-4781-8927-557300856959}.Release|x64.ActiveCfg = Release|x64
		{D907AACB-8199-4781-8927-557300856959}.Release|x64.Build.0 = Release|x64
		{D907AACB-8199-4781-8927-557300856959}.Release|x86.ActiveCfg = Release|Win32
		{D907AACB-8199-4781-8927-557300856959}.Release|x86.Build.0 = Release|Win32
		{98556A85-95F5-4839-8ED4-3DECD9EBF9D8}.Debug|x64.ActiveCfg = Debug|x64
		{98556A85-95F5-4839-8ED4-3DECD9EBF9D8}.Debug|x64.Build.0 = Debug|x64
		{98556A85-95F5-4839-8ED4-3DECD9EBF9D8}.Debug|x86.ActiveCfg = Debug|Win32
		{98556A85-95F5-4839-8ED4-3DECD9EBF9D8}.Debug|x86.Build.0 = Debug|Win32
		{98556A85-95F5-4839-8ED4-3DECD9EBF9D8}.Release|x64.ActiveCfg = Release|x64
		{98556A85-95F5-4839-8ED4-3DECD9EBF9D8}.Release|x64.Build.0 = Release|x64
		{98556A85-95F5-4839-8ED4-3DECD9EBF9D8}.Release|x86.ActiveCfg = Release|Win32
		{98556A85-95F5-4839-8ED4-3DECD9EBF9D8}.Release|x86.Build.0 = Release|Win32
		{0C2FF10F-45E7-4112-B5D1-3E86D7F195F5}.Debug|x64.ActiveCfg = Debug|x64
		{0C2FF10F-45E7-4112-B5D1-3E86D7F195F5}.Debug|x64.Build.0 = Debug|x64
		{0C2FF10F-45E7-4112-B5D1-3E86D7F195F5}.Debug|x86.ActiveCfg = Debug|Win32
		{0C2FF10F-45E7-4112-B5D1-3E86D7F195F5}.Debug|x86.Build.0 = Debug|Win32
		{0C2FF10F-45E7-4112-B5D1-3E86D7F195F5}.Release|x64.ActiveCfg = Release|x64
		{0C2FF10F-45E7-4112-B5D1-3E86D7F195F5}.Release|x64.Build.0 = Release|x64
		{0C2FF10F-45E7-4112-B5D1-3E86D7F195F5}.Release|x86.ActiveCfg = Release|Win32
		{0C2FF10F-45E7-4112-B5D1-3E86D7F195F5}.Release|x86.Build.0 = Release|Win32
		{E8DDD7BA-9FAC-4383-BAC0-2150FE63B678}.Debug|x64.ActiveCfg = Debug|x64
		{E8DDD7BA-9FAC-4383-BAC0-2150FE63B678}.Debug|x64.Build.0 = Debug|x64
		{E8DDD7BA-9FAC-4383-BAC0-2150FE63B678}.Debug|x86.ActiveCfg = Debug|Win32
		{E8DDD7BA-9FAC-4383-BAC0-2150FE63B678}.Debug|x86.Build.0 = Debug|Win32
		{E8DDD7BA-9FAC-4383-BAC0-2150FE63B678}.Release|x64.ActiveCfg = Release|x64
		{E8DDD7BA-9FAC-4383-BAC0-2150FE63B678}.Release|x64.Build.0 = Release|x64
		{E8DDD7BA-9FAC-4383-BAC0-2150FE63B678}.Release|x86.ActiveCfg = Release|Win32
		{E8DDD7BA-9FAC-4383-BAC0-2150FE63B678}.Release|x86.Build.0 = Release|Win32
		{C671E5E3-6665-4424-8399-DC6E4D2CB4F0}.Debug|x64.ActiveCfg = Debug|x64
		{C671E5E3-6665-4424-8399-DC6E4D2CB4F0}.Debug|x64.Build.0 = Debug|x64
		{C671E5E3-6665-4424-8399-DC6E4D2CB4F0}.Debug|x86.ActiveCfg = Debug|Win32
		{C671E5E3-6665-4424-8399-DC6E4D2CB4F0}.Debug|x86.Build.0 = Debug|Win32
		{C671E5E3-6665-4424-8399-DC6E4D2CB4F0}.Release|x64.ActiveCfg = Release|x64
		{C671E5E3-6665-4424-8399-DC6E4D2CB4F0}.Release|x64.Build.0 = Release|x64
		{C671E5E3-6665-4424-8399-DC6E4D2CB4F0}.Release|x86.ActiveCfg = Release|Win32
		{C671E5E3-6665-4424-8399-DC6E4D2CB4F0}.Release|x86.Build.0 = Release|Win32
	EndGlobalSection
	GlobalSection(SolutionProperties) = preSolution
		HideSolutionNode = FALSE
	EndGlobalSection
	GlobalSection(ExtensibilityGlobals) = postSolution
		SolutionGuid = {2D4F2F86-D212-40EB-B4EF-024A6377164D}
	EndGlobalSection
EndGlobal
