
Microsoft Visual Studio Solution File, Format Version 12.00
# Visual Studio Version 17
VisualStudioVersion = 17.1.32228.430
MinimumVisualStudioVersion = 10.0.40219.1
Project("{8BC9CEB8-8B4A-11D0-8D11-00A0C91BC942}") = "Bai001", "Bai001\Bai001.vcxproj", "{D6534E1E-AC9E-4D56-99B1-744B6CBD5757}"
EndProject
Project("{8BC9CEB8-8B4A-11D0-8D11-00A0C91BC942}") = "CoSo001", "CoSo001\CoSo001.vcxproj", "{DFC2006C-5067-4E46-95BB-9EBE4476D654}"
EndProject
Project("{8BC9CEB8-8B4A-11D0-8D11-00A0C91BC942}") = "CoSo002", "CoSo002\CoSo002.vcxproj", "{CFA91772-B6DA-4640-B5E4-672D3DA98D57}"
EndProject
Project("{8BC9CEB8-8B4A-11D0-8D11-00A0C91BC942}") = "CoSo003", "CoSo003\CoSo003.vcxproj", "{E215AB8C-5E02-43A6-9180-6955023CFA78}"
EndProject
Project("{8BC9CEB8-8B4A-11D0-8D11-00A0C91BC942}") = "CoSo004", "CoSo004\CoSo004.vcxproj", "{7479C6F6-23F2-400F-AB61-3B783984D7CE}"
EndProject
Project("{8BC9CEB8-8B4A-11D0-8D11-00A0C91BC942}") = "CoSo005", "Project1\Project1.vcxproj", "{2991E449-80EA-4302-AB2A-8EC2FB3F07F4}"
EndProject
Project("{8BC9CEB8-8B4A-11D0-8D11-00A0C91BC942}") = "CoSo006", "CoSo006\CoSo006.vcxproj", "{868E92AB-BEB9-46F2-A5A8-65CF2DFED0D5}"
EndProject
Project("{8BC9CEB8-8B4A-11D0-8D11-00A0C91BC942}") = "CoSo007", "CoSo007\CoSo007.vcxproj", "{19ED49C2-7DDF-4523-BD26-FC440CC4981A}"
EndProject
Project("{8BC9CEB8-8B4A-11D0-8D11-00A0C91BC942}") = "CoSo008", "CoSo008\CoSo008.vcxproj", "{7FAEE2BD-9AC7-4CBF-BD20-4B74CC94CF34}"
EndProject
Global
	GlobalSection(SolutionConfigurationPlatforms) = preSolution
		Debug|x64 = Debug|x64
		Debug|x86 = Debug|x86
		Release|x64 = Release|x64
		Release|x86 = Release|x86
	EndGlobalSection
	GlobalSection(ProjectConfigurationPlatforms) = postSolution
		{D6534E1E-AC9E-4D56-99B1-744B6CBD5757}.Debug|x64.ActiveCfg = Debug|x64
		{D6534E1E-AC9E-4D56-99B1-744B6CBD5757}.Debug|x64.Build.0 = Debug|x64
		{D6534E1E-AC9E-4D56-99B1-744B6CBD5757}.Debug|x86.ActiveCfg = Debug|Win32
		{D6534E1E-AC9E-4D56-99B1-744B6CBD5757}.Debug|x86.Build.0 = Debug|Win32
		{D6534E1E-AC9E-4D56-99B1-744B6CBD5757}.Release|x64.ActiveCfg = Release|x64
		{D6534E1E-AC9E-4D56-99B1-744B6CBD5757}.Release|x64.Build.0 = Release|x64
		{D6534E1E-AC9E-4D56-99B1-744B6CBD5757}.Release|x86.ActiveCfg = Release|Win32
		{D6534E1E-AC9E-4D56-99B1-744B6CBD5757}.Release|x86.Build.0 = Release|Win32
		{DFC2006C-5067-4E46-95BB-9EBE4476D654}.Debug|x64.ActiveCfg = Debug|x64
		{DFC2006C-5067-4E46-95BB-9EBE4476D654}.Debug|x64.Build.0 = Debug|x64
		{DFC2006C-5067-4E46-95BB-9EBE4476D654}.Debug|x86.ActiveCfg = Debug|Win32
		{DFC2006C-5067-4E46-95BB-9EBE4476D654}.Debug|x86.Build.0 = Debug|Win32
		{DFC2006C-5067-4E46-95BB-9EBE4476D654}.Release|x64.ActiveCfg = Release|x64
		{DFC2006C-5067-4E46-95BB-9EBE4476D654}.Release|x64.Build.0 = Release|x64
		{DFC2006C-5067-4E46-95BB-9EBE4476D654}.Release|x86.ActiveCfg = Release|Win32
		{DFC2006C-5067-4E46-95BB-9EBE4476D654}.Release|x86.Build.0 = Release|Win32
		{CFA91772-B6DA-4640-B5E4-672D3DA98D57}.Debug|x64.ActiveCfg = Debug|x64
		{CFA91772-B6DA-4640-B5E4-672D3DA98D57}.Debug|x64.Build.0 = Debug|x64
		{CFA91772-B6DA-4640-B5E4-672D3DA98D57}.Debug|x86.ActiveCfg = Debug|Win32
		{CFA91772-B6DA-4640-B5E4-672D3DA98D57}.Debug|x86.Build.0 = Debug|Win32
		{CFA91772-B6DA-4640-B5E4-672D3DA98D57}.Release|x64.ActiveCfg = Release|x64
		{CFA91772-B6DA-4640-B5E4-672D3DA98D57}.Release|x64.Build.0 = Release|x64
		{CFA91772-B6DA-4640-B5E4-672D3DA98D57}.Release|x86.ActiveCfg = Release|Win32
		{CFA91772-B6DA-4640-B5E4-672D3DA98D57}.Release|x86.Build.0 = Release|Win32
		{E215AB8C-5E02-43A6-9180-6955023CFA78}.Debug|x64.ActiveCfg = Debug|x64
		{E215AB8C-5E02-43A6-9180-6955023CFA78}.Debug|x64.Build.0 = Debug|x64
		{E215AB8C-5E02-43A6-9180-6955023CFA78}.Debug|x86.ActiveCfg = Debug|Win32
		{E215AB8C-5E02-43A6-9180-6955023CFA78}.Debug|x86.Build.0 = Debug|Win32
		{E215AB8C-5E02-43A6-9180-6955023CFA78}.Release|x64.ActiveCfg = Release|x64
		{E215AB8C-5E02-43A6-9180-6955023CFA78}.Release|x64.Build.0 = Release|x64
		{E215AB8C-5E02-43A6-9180-6955023CFA78}.Release|x86.ActiveCfg = Release|Win32
		{E215AB8C-5E02-43A6-9180-6955023CFA78}.Release|x86.Build.0 = Release|Win32
		{7479C6F6-23F2-400F-AB61-3B783984D7CE}.Debug|x64.ActiveCfg = Debug|x64
		{7479C6F6-23F2-400F-AB61-3B783984D7CE}.Debug|x64.Build.0 = Debug|x64
		{7479C6F6-23F2-400F-AB61-3B783984D7CE}.Debug|x86.ActiveCfg = Debug|Win32
		{7479C6F6-23F2-400F-AB61-3B783984D7CE}.Debug|x86.Build.0 = Debug|Win32
		{7479C6F6-23F2-400F-AB61-3B783984D7CE}.Release|x64.ActiveCfg = Release|x64
		{7479C6F6-23F2-400F-AB61-3B783984D7CE}.Release|x64.Build.0 = Release|x64
		{7479C6F6-23F2-400F-AB61-3B783984D7CE}.Release|x86.ActiveCfg = Release|Win32
		{7479C6F6-23F2-400F-AB61-3B783984D7CE}.Release|x86.Build.0 = Release|Win32
		{2991E449-80EA-4302-AB2A-8EC2FB3F07F4}.Debug|x64.ActiveCfg = Debug|x64
		{2991E449-80EA-4302-AB2A-8EC2FB3F07F4}.Debug|x64.Build.0 = Debug|x64
		{2991E449-80EA-4302-AB2A-8EC2FB3F07F4}.Debug|x86.ActiveCfg = Debug|Win32
		{2991E449-80EA-4302-AB2A-8EC2FB3F07F4}.Debug|x86.Build.0 = Debug|Win32
		{2991E449-80EA-4302-AB2A-8EC2FB3F07F4}.Release|x64.ActiveCfg = Release|x64
		{2991E449-80EA-4302-AB2A-8EC2FB3F07F4}.Release|x64.Build.0 = Release|x64
		{2991E449-80EA-4302-AB2A-8EC2FB3F07F4}.Release|x86.ActiveCfg = Release|Win32
		{2991E449-80EA-4302-AB2A-8EC2FB3F07F4}.Release|x86.Build.0 = Release|Win32
		{868E92AB-BEB9-46F2-A5A8-65CF2DFED0D5}.Debug|x64.ActiveCfg = Debug|x64
		{868E92AB-BEB9-46F2-A5A8-65CF2DFED0D5}.Debug|x64.Build.0 = Debug|x64
		{868E92AB-BEB9-46F2-A5A8-65CF2DFED0D5}.Debug|x86.ActiveCfg = Debug|Win32
		{868E92AB-BEB9-46F2-A5A8-65CF2DFED0D5}.Debug|x86.Build.0 = Debug|Win32
		{868E92AB-BEB9-46F2-A5A8-65CF2DFED0D5}.Release|x64.ActiveCfg = Release|x64
		{868E92AB-BEB9-46F2-A5A8-65CF2DFED0D5}.Release|x64.Build.0 = Release|x64
		{868E92AB-BEB9-46F2-A5A8-65CF2DFED0D5}.Release|x86.ActiveCfg = Release|Win32
		{868E92AB-BEB9-46F2-A5A8-65CF2DFED0D5}.Release|x86.Build.0 = Release|Win32
		{19ED49C2-7DDF-4523-BD26-FC440CC4981A}.Debug|x64.ActiveCfg = Debug|x64
		{19ED49C2-7DDF-4523-BD26-FC440CC4981A}.Debug|x64.Build.0 = Debug|x64
		{19ED49C2-7DDF-4523-BD26-FC440CC4981A}.Debug|x86.ActiveCfg = Debug|Win32
		{19ED49C2-7DDF-4523-BD26-FC440CC4981A}.Debug|x86.Build.0 = Debug|Win32
		{19ED49C2-7DDF-4523-BD26-FC440CC4981A}.Release|x64.ActiveCfg = Release|x64
		{19ED49C2-7DDF-4523-BD26-FC440CC4981A}.Release|x64.Build.0 = Release|x64
		{19ED49C2-7DDF-4523-BD26-FC440CC4981A}.Release|x86.ActiveCfg = Release|Win32
		{19ED49C2-7DDF-4523-BD26-FC440CC4981A}.Release|x86.Build.0 = Release|Win32
		{7FAEE2BD-9AC7-4CBF-BD20-4B74CC94CF34}.Debug|x64.ActiveCfg = Debug|x64
		{7FAEE2BD-9AC7-4CBF-BD20-4B74CC94CF34}.Debug|x64.Build.0 = Debug|x64
		{7FAEE2BD-9AC7-4CBF-BD20-4B74CC94CF34}.Debug|x86.ActiveCfg = Debug|Win32
		{7FAEE2BD-9AC7-4CBF-BD20-4B74CC94CF34}.Debug|x86.Build.0 = Debug|Win32
		{7FAEE2BD-9AC7-4CBF-BD20-4B74CC94CF34}.Release|x64.ActiveCfg = Release|x64
		{7FAEE2BD-9AC7-4CBF-BD20-4B74CC94CF34}.Release|x64.Build.0 = Release|x64
		{7FAEE2BD-9AC7-4CBF-BD20-4B74CC94CF34}.Release|x86.ActiveCfg = Release|Win32
		{7FAEE2BD-9AC7-4CBF-BD20-4B74CC94CF34}.Release|x86.Build.0 = Release|Win32
	EndGlobalSection
	GlobalSection(SolutionProperties) = preSolution
		HideSolutionNode = FALSE
	EndGlobalSection
	GlobalSection(ExtensibilityGlobals) = postSolution
		SolutionGuid = {9C979937-482F-4BAC-97B7-972D997AE0C3}
	EndGlobalSection
EndGlobal
