
Microsoft Visual Studio Solution File, Format Version 12.00
# Visual Studio Version 17
VisualStudioVersion = 17.1.32228.430
MinimumVisualStudioVersion = 10.0.40219.1
Project("{8BC9CEB8-8B4A-11D0-8D11-00A0C91BC942}") = "Time", "Time\Time.vcxproj", "{948AE668-39A0-42CB-91E7-16A725F7C301}"
EndProject
Project("{8BC9CEB8-8B4A-11D0-8D11-00A0C91BC942}") = "Fraction", "Fraction\Fraction.vcxproj", "{5D5E8E5E-932F-4EF2-8FC3-3DFAE6409B77}"
EndProject
Project("{8BC9CEB8-8B4A-11D0-8D11-00A0C91BC942}") = "HonSo", "HonSo\HonSo.vcxproj", "{2AAC247B-AC95-425A-8E29-58341FF4E0C9}"
EndProject
Project("{8BC9CEB8-8B4A-11D0-8D11-00A0C91BC942}") = "ComplexNumber", "ComplexNumber\ComplexNumber.vcxproj", "{586D9989-D7A8-45BF-9585-97CB3B5DFEEF}"
EndProject
Project("{8BC9CEB8-8B4A-11D0-8D11-00A0C91BC942}") = "Monomial", "Monomial\Monomial.vcxproj", "{140080AB-13C9-4510-B5F6-C3BD66B165FB}"
EndProject
Project("{8BC9CEB8-8B4A-11D0-8D11-00A0C91BC942}") = "Circle", "Circle\Circle.vcxproj", "{A7B9525E-E372-4A97-AD0A-BB094A314EAE}"
EndProject
Project("{8BC9CEB8-8B4A-11D0-8D11-00A0C91BC942}") = "HinhCau", "HinhCau\HinhCau.vcxproj", "{3915C8B9-BED2-4D76-AB33-73AEC4DEC9F8}"
EndProject
Project("{8BC9CEB8-8B4A-11D0-8D11-00A0C91BC942}") = "Triangle", "Triangle\Triangle.vcxproj", "{FAE2F332-E1A8-478E-8B42-559387194A35}"
EndProject
Project("{8BC9CEB8-8B4A-11D0-8D11-00A0C91BC942}") = "Day", "Day\Day.vcxproj", "{A3596C56-81D5-49D9-AA1D-79ADCA40A0A9}"
EndProject
Project("{8BC9CEB8-8B4A-11D0-8D11-00A0C91BC942}") = "Diem", "Diem\Diem.vcxproj", "{B5E9CB4B-91C0-41A3-BF02-CC5F70F147E6}"
EndProject
Project("{8BC9CEB8-8B4A-11D0-8D11-00A0C91BC942}") = "DiemKhongGian", "DiemKhongGian\DiemKhongGian.vcxproj", "{935BE429-4390-4158-BD2E-5C85690B9D50}"
EndProject
Global
	GlobalSection(SolutionConfigurationPlatforms) = preSolution
		Debug|x64 = Debug|x64
		Debug|x86 = Debug|x86
		Release|x64 = Release|x64
		Release|x86 = Release|x86
	EndGlobalSection
	GlobalSection(ProjectConfigurationPlatforms) = postSolution
		{948AE668-39A0-42CB-91E7-16A725F7C301}.Debug|x64.ActiveCfg = Debug|x64
		{948AE668-39A0-42CB-91E7-16A725F7C301}.Debug|x64.Build.0 = Debug|x64
		{948AE668-39A0-42CB-91E7-16A725F7C301}.Debug|x86.ActiveCfg = Debug|Win32
		{948AE668-39A0-42CB-91E7-16A725F7C301}.Debug|x86.Build.0 = Debug|Win32
		{948AE668-39A0-42CB-91E7-16A725F7C301}.Release|x64.ActiveCfg = Release|x64
		{948AE668-39A0-42CB-91E7-16A725F7C301}.Release|x64.Build.0 = Release|x64
		{948AE668-39A0-42CB-91E7-16A725F7C301}.Release|x86.ActiveCfg = Release|Win32
		{948AE668-39A0-42CB-91E7-16A725F7C301}.Release|x86.Build.0 = Release|Win32
		{5D5E8E5E-932F-4EF2-8FC3-3DFAE6409B77}.Debug|x64.ActiveCfg = Debug|x64
		{5D5E8E5E-932F-4EF2-8FC3-3DFAE6409B77}.Debug|x64.Build.0 = Debug|x64
		{5D5E8E5E-932F-4EF2-8FC3-3DFAE6409B77}.Debug|x86.ActiveCfg = Debug|Win32
		{5D5E8E5E-932F-4EF2-8FC3-3DFAE6409B77}.Debug|x86.Build.0 = Debug|Win32
		{5D5E8E5E-932F-4EF2-8FC3-3DFAE6409B77}.Release|x64.ActiveCfg = Release|x64
		{5D5E8E5E-932F-4EF2-8FC3-3DFAE6409B77}.Release|x64.Build.0 = Release|x64
		{5D5E8E5E-932F-4EF2-8FC3-3DFAE6409B77}.Release|x86.ActiveCfg = Release|Win32
		{5D5E8E5E-932F-4EF2-8FC3-3DFAE6409B77}.Release|x86.Build.0 = Release|Win32
		{2AAC247B-AC95-425A-8E29-58341FF4E0C9}.Debug|x64.ActiveCfg = Debug|x64
		{2AAC247B-AC95-425A-8E29-58341FF4E0C9}.Debug|x64.Build.0 = Debug|x64
		{2AAC247B-AC95-425A-8E29-58341FF4E0C9}.Debug|x86.ActiveCfg = Debug|Win32
		{2AAC247B-AC95-425A-8E29-58341FF4E0C9}.Debug|x86.Build.0 = Debug|Win32
		{2AAC247B-AC95-425A-8E29-58341FF4E0C9}.Release|x64.ActiveCfg = Release|x64
		{2AAC247B-AC95-425A-8E29-58341FF4E0C9}.Release|x64.Build.0 = Release|x64
		{2AAC247B-AC95-425A-8E29-58341FF4E0C9}.Release|x86.ActiveCfg = Release|Win32
		{2AAC247B-AC95-425A-8E29-58341FF4E0C9}.Release|x86.Build.0 = Release|Win32
		{586D9989-D7A8-45BF-9585-97CB3B5DFEEF}.Debug|x64.ActiveCfg = Debug|x64
		{586D9989-D7A8-45BF-9585-97CB3B5DFEEF}.Debug|x64.Build.0 = Debug|x64
		{586D9989-D7A8-45BF-9585-97CB3B5DFEEF}.Debug|x86.ActiveCfg = Debug|Win32
		{586D9989-D7A8-45BF-9585-97CB3B5DFEEF}.Debug|x86.Build.0 = Debug|Win32
		{586D9989-D7A8-45BF-9585-97CB3B5DFEEF}.Release|x64.ActiveCfg = Release|x64
		{586D9989-D7A8-45BF-9585-97CB3B5DFEEF}.Release|x64.Build.0 = Release|x64
		{586D9989-D7A8-45BF-9585-97CB3B5DFEEF}.Release|x86.ActiveCfg = Release|Win32
		{586D9989-D7A8-45BF-9585-97CB3B5DFEEF}.Release|x86.Build.0 = Release|Win32
		{140080AB-13C9-4510-B5F6-C3BD66B165FB}.Debug|x64.ActiveCfg = Debug|x64
		{140080AB-13C9-4510-B5F6-C3BD66B165FB}.Debug|x64.Build.0 = Debug|x64
		{140080AB-13C9-4510-B5F6-C3BD66B165FB}.Debug|x86.ActiveCfg = Debug|Win32
		{140080AB-13C9-4510-B5F6-C3BD66B165FB}.Debug|x86.Build.0 = Debug|Win32
		{140080AB-13C9-4510-B5F6-C3BD66B165FB}.Release|x64.ActiveCfg = Release|x64
		{140080AB-13C9-4510-B5F6-C3BD66B165FB}.Release|x64.Build.0 = Release|x64
		{140080AB-13C9-4510-B5F6-C3BD66B165FB}.Release|x86.ActiveCfg = Release|Win32
		{140080AB-13C9-4510-B5F6-C3BD66B165FB}.Release|x86.Build.0 = Release|Win32
		{A7B9525E-E372-4A97-AD0A-BB094A314EAE}.Debug|x64.ActiveCfg = Debug|x64
		{A7B9525E-E372-4A97-AD0A-BB094A314EAE}.Debug|x64.Build.0 = Debug|x64
		{A7B9525E-E372-4A97-AD0A-BB094A314EAE}.Debug|x86.ActiveCfg = Debug|Win32
		{A7B9525E-E372-4A97-AD0A-BB094A314EAE}.Debug|x86.Build.0 = Debug|Win32
		{A7B9525E-E372-4A97-AD0A-BB094A314EAE}.Release|x64.ActiveCfg = Release|x64
		{A7B9525E-E372-4A97-AD0A-BB094A314EAE}.Release|x64.Build.0 = Release|x64
		{A7B9525E-E372-4A97-AD0A-BB094A314EAE}.Release|x86.ActiveCfg = Release|Win32
		{A7B9525E-E372-4A97-AD0A-BB094A314EAE}.Release|x86.Build.0 = Release|Win32
		{3915C8B9-BED2-4D76-AB33-73AEC4DEC9F8}.Debug|x64.ActiveCfg = Debug|x64
		{3915C8B9-BED2-4D76-AB33-73AEC4DEC9F8}.Debug|x64.Build.0 = Debug|x64
		{3915C8B9-BED2-4D76-AB33-73AEC4DEC9F8}.Debug|x86.ActiveCfg = Debug|Win32
		{3915C8B9-BED2-4D76-AB33-73AEC4DEC9F8}.Debug|x86.Build.0 = Debug|Win32
		{3915C8B9-BED2-4D76-AB33-73AEC4DEC9F8}.Release|x64.ActiveCfg = Release|x64
		{3915C8B9-BED2-4D76-AB33-73AEC4DEC9F8}.Release|x64.Build.0 = Release|x64
		{3915C8B9-BED2-4D76-AB33-73AEC4DEC9F8}.Release|x86.ActiveCfg = Release|Win32
		{3915C8B9-BED2-4D76-AB33-73AEC4DEC9F8}.Release|x86.Build.0 = Release|Win32
		{FAE2F332-E1A8-478E-8B42-559387194A35}.Debug|x64.ActiveCfg = Debug|x64
		{FAE2F332-E1A8-478E-8B42-559387194A35}.Debug|x64.Build.0 = Debug|x64
		{FAE2F332-E1A8-478E-8B42-559387194A35}.Debug|x86.ActiveCfg = Debug|Win32
		{FAE2F332-E1A8-478E-8B42-559387194A35}.Debug|x86.Build.0 = Debug|Win32
		{FAE2F332-E1A8-478E-8B42-559387194A35}.Release|x64.ActiveCfg = Release|x64
		{FAE2F332-E1A8-478E-8B42-559387194A35}.Release|x64.Build.0 = Release|x64
		{FAE2F332-E1A8-478E-8B42-559387194A35}.Release|x86.ActiveCfg = Release|Win32
		{FAE2F332-E1A8-478E-8B42-559387194A35}.Release|x86.Build.0 = Release|Win32
		{A3596C56-81D5-49D9-AA1D-79ADCA40A0A9}.Debug|x64.ActiveCfg = Debug|x64
		{A3596C56-81D5-49D9-AA1D-79ADCA40A0A9}.Debug|x64.Build.0 = Debug|x64
		{A3596C56-81D5-49D9-AA1D-79ADCA40A0A9}.Debug|x86.ActiveCfg = Debug|Win32
		{A3596C56-81D5-49D9-AA1D-79ADCA40A0A9}.Debug|x86.Build.0 = Debug|Win32
		{A3596C56-81D5-49D9-AA1D-79ADCA40A0A9}.Release|x64.ActiveCfg = Release|x64
		{A3596C56-81D5-49D9-AA1D-79ADCA40A0A9}.Release|x64.Build.0 = Release|x64
		{A3596C56-81D5-49D9-AA1D-79ADCA40A0A9}.Release|x86.ActiveCfg = Release|Win32
		{A3596C56-81D5-49D9-AA1D-79ADCA40A0A9}.Release|x86.Build.0 = Release|Win32
		{B5E9CB4B-91C0-41A3-BF02-CC5F70F147E6}.Debug|x64.ActiveCfg = Debug|x64
		{B5E9CB4B-91C0-41A3-BF02-CC5F70F147E6}.Debug|x64.Build.0 = Debug|x64
		{B5E9CB4B-91C0-41A3-BF02-CC5F70F147E6}.Debug|x86.ActiveCfg = Debug|Win32
		{B5E9CB4B-91C0-41A3-BF02-CC5F70F147E6}.Debug|x86.Build.0 = Debug|Win32
		{B5E9CB4B-91C0-41A3-BF02-CC5F70F147E6}.Release|x64.ActiveCfg = Release|x64
		{B5E9CB4B-91C0-41A3-BF02-CC5F70F147E6}.Release|x64.Build.0 = Release|x64
		{B5E9CB4B-91C0-41A3-BF02-CC5F70F147E6}.Release|x86.ActiveCfg = Release|Win32
		{B5E9CB4B-91C0-41A3-BF02-CC5F70F147E6}.Release|x86.Build.0 = Release|Win32
		{935BE429-4390-4158-BD2E-5C85690B9D50}.Debug|x64.ActiveCfg = Debug|x64
		{935BE429-4390-4158-BD2E-5C85690B9D50}.Debug|x64.Build.0 = Debug|x64
		{935BE429-4390-4158-BD2E-5C85690B9D50}.Debug|x86.ActiveCfg = Debug|Win32
		{935BE429-4390-4158-BD2E-5C85690B9D50}.Debug|x86.Build.0 = Debug|Win32
		{935BE429-4390-4158-BD2E-5C85690B9D50}.Release|x64.ActiveCfg = Release|x64
		{935BE429-4390-4158-BD2E-5C85690B9D50}.Release|x64.Build.0 = Release|x64
		{935BE429-4390-4158-BD2E-5C85690B9D50}.Release|x86.ActiveCfg = Release|Win32
		{935BE429-4390-4158-BD2E-5C85690B9D50}.Release|x86.Build.0 = Release|Win32
	EndGlobalSection
	GlobalSection(SolutionProperties) = preSolution
		HideSolutionNode = FALSE
	EndGlobalSection
	GlobalSection(ExtensibilityGlobals) = postSolution
		SolutionGuid = {08DF1F6A-0344-48EE-A8FD-E35D224CD8C0}
	EndGlobalSection
EndGlobal
