
Microsoft Visual Studio Solution File, Format Version 12.00
# Visual Studio Version 17
VisualStudioVersion = 17.3.32929.385
MinimumVisualStudioVersion = 10.0.40219.1
Project("{9A19103F-16F7-4668-BE54-9A1E7A4F7556}") = "Bai01", "Bai01\Bai01.csproj", "{26AE6466-92F7-43EA-9FE7-21CDB5A63659}"
EndProject
Project("{FAE04EC0-301F-11D3-BF4B-00C04F79EFBC}") = "Bai03", "Bai03\Bai03.csproj", "{8CF117CA-6D9D-4E60-8BE1-27B84C290854}"
EndProject
Project("{FAE04EC0-301F-11D3-BF4B-00C04F79EFBC}") = "Bai04", "Bai04\Bai04.csproj", "{0DD10E07-000C-4734-A074-D93C5D6CF9FD}"
EndProject
Project("{FAE04EC0-301F-11D3-BF4B-00C04F79EFBC}") = "Bai05", "Bai05\Bai05.csproj", "{5E6C7B92-33D6-43BB-B4D9-306D737359C4}"
EndProject
Global
	GlobalSection(SolutionConfigurationPlatforms) = preSolution
		Debug|Any CPU = Debug|Any CPU
		Release|Any CPU = Release|Any CPU
	EndGlobalSection
	GlobalSection(ProjectConfigurationPlatforms) = postSolution
		{26AE6466-92F7-43EA-9FE7-21CDB5A63659}.Debug|Any CPU.ActiveCfg = Debug|Any CPU
		{26AE6466-92F7-43EA-9FE7-21CDB5A63659}.Debug|Any CPU.Build.0 = Debug|Any CPU
		{26AE6466-92F7-43EA-9FE7-21CDB5A63659}.Release|Any CPU.ActiveCfg = Release|Any CPU
		{26AE6466-92F7-43EA-9FE7-21CDB5A63659}.Release|Any CPU.Build.0 = Release|Any CPU
		{8CF117CA-6D9D-4E60-8BE1-27B84C290854}.Debug|Any CPU.ActiveCfg = Debug|Any CPU
		{8CF117CA-6D9D-4E60-8BE1-27B84C290854}.Debug|Any CPU.Build.0 = Debug|Any CPU
		{8CF117CA-6D9D-4E60-8BE1-27B84C290854}.Release|Any CPU.ActiveCfg = Release|Any CPU
		{8CF117CA-6D9D-4E60-8BE1-27B84C290854}.Release|Any CPU.Build.0 = Release|Any CPU
		{0DD10E07-000C-4734-A074-D93C5D6CF9FD}.Debug|Any CPU.ActiveCfg = Debug|Any CPU
		{0DD10E07-000C-4734-A074-D93C5D6CF9FD}.Debug|Any CPU.Build.0 = Debug|Any CPU
		{0DD10E07-000C-4734-A074-D93C5D6CF9FD}.Release|Any CPU.ActiveCfg = Release|Any CPU
		{0DD10E07-000C-4734-A074-D93C5D6CF9FD}.Release|Any CPU.Build.0 = Release|Any CPU
		{5E6C7B92-33D6-43BB-B4D9-306D737359C4}.Debug|Any CPU.ActiveCfg = Debug|Any CPU
		{5E6C7B92-33D6-43BB-B4D9-306D737359C4}.Debug|Any CPU.Build.0 = Debug|Any CPU
		{5E6C7B92-33D6-43BB-B4D9-306D737359C4}.Release|Any CPU.ActiveCfg = Release|Any CPU
		{5E6C7B92-33D6-43BB-B4D9-306D737359C4}.Release|Any CPU.Build.0 = Release|Any CPU
	EndGlobalSection
	GlobalSection(SolutionProperties) = preSolution
		HideSolutionNode = FALSE
	EndGlobalSection
	GlobalSection(ExtensibilityGlobals) = postSolution
		SolutionGuid = {27041300-78C0-46A3-BECD-9C07E36F9AF1}
	EndGlobalSection
EndGlobal
