
Microsoft Visual Studio Solution File, Format Version 12.00
# Visual Studio Version 17
VisualStudioVersion = 17.4.33122.133
MinimumVisualStudioVersion = 10.0.40219.1
Project("{FAE04EC0-301F-11D3-BF4B-00C04F79EFBC}") = "Bai01", "Bai01\Bai01.csproj", "{52B27128-EEC3-4F30-B2C2-3F2586019E7A}"
EndProject
Project("{FAE04EC0-301F-11D3-BF4B-00C04F79EFBC}") = "Bai02", "Bai02\Bai02.csproj", "{83912B3E-0C20-4D46-8C42-4F71EB7E5F63}"
EndProject
Project("{FAE04EC0-301F-11D3-BF4B-00C04F79EFBC}") = "Bai03", "Bai03\Bai03.csproj", "{40940AE4-4093-4D6B-AA0E-1019DB4ABD67}"
EndProject
Project("{FAE04EC0-301F-11D3-BF4B-00C04F79EFBC}") = "Bai04", "Bai04\Bai04.csproj", "{27C0D436-F09E-41C7-8594-8F74B27B481F}"
EndProject
Project("{FAE04EC0-301F-11D3-BF4B-00C04F79EFBC}") = "Bai05", "Bai05\Bai05.csproj", "{646686A8-B9AF-4C4F-A7CF-EA5074CD46DF}"
EndProject
Project("{FAE04EC0-301F-11D3-BF4B-00C04F79EFBC}") = "Bai06", "Bai06\Bai06.csproj", "{3CB35B6D-96F2-4AF7-AA45-FBF95CF6406C}"
EndProject
Global
	GlobalSection(SolutionConfigurationPlatforms) = preSolution
		Debug|Any CPU = Debug|Any CPU
		Release|Any CPU = Release|Any CPU
	EndGlobalSection
	GlobalSection(ProjectConfigurationPlatforms) = postSolution
		{52B27128-EEC3-4F30-B2C2-3F2586019E7A}.Debug|Any CPU.ActiveCfg = Debug|Any CPU
		{52B27128-EEC3-4F30-B2C2-3F2586019E7A}.Debug|Any CPU.Build.0 = Debug|Any CPU
		{52B27128-EEC3-4F30-B2C2-3F2586019E7A}.Release|Any CPU.ActiveCfg = Release|Any CPU
		{52B27128-EEC3-4F30-B2C2-3F2586019E7A}.Release|Any CPU.Build.0 = Release|Any CPU
		{83912B3E-0C20-4D46-8C42-4F71EB7E5F63}.Debug|Any CPU.ActiveCfg = Debug|Any CPU
		{83912B3E-0C20-4D46-8C42-4F71EB7E5F63}.Debug|Any CPU.Build.0 = Debug|Any CPU
		{83912B3E-0C20-4D46-8C42-4F71EB7E5F63}.Release|Any CPU.ActiveCfg = Release|Any CPU
		{83912B3E-0C20-4D46-8C42-4F71EB7E5F63}.Release|Any CPU.Build.0 = Release|Any CPU
		{40940AE4-4093-4D6B-AA0E-1019DB4ABD67}.Debug|Any CPU.ActiveCfg = Debug|Any CPU
		{40940AE4-4093-4D6B-AA0E-1019DB4ABD67}.Debug|Any CPU.Build.0 = Debug|Any CPU
		{40940AE4-4093-4D6B-AA0E-1019DB4ABD67}.Release|Any CPU.ActiveCfg = Release|Any CPU
		{40940AE4-4093-4D6B-AA0E-1019DB4ABD67}.Release|Any CPU.Build.0 = Release|Any CPU
		{27C0D436-F09E-41C7-8594-8F74B27B481F}.Debug|Any CPU.ActiveCfg = Debug|Any CPU
		{27C0D436-F09E-41C7-8594-8F74B27B481F}.Debug|Any CPU.Build.0 = Debug|Any CPU
		{27C0D436-F09E-41C7-8594-8F74B27B481F}.Release|Any CPU.ActiveCfg = Release|Any CPU
		{27C0D436-F09E-41C7-8594-8F74B27B481F}.Release|Any CPU.Build.0 = Release|Any CPU
		{646686A8-B9AF-4C4F-A7CF-EA5074CD46DF}.Debug|Any CPU.ActiveCfg = Debug|Any CPU
		{646686A8-B9AF-4C4F-A7CF-EA5074CD46DF}.Debug|Any CPU.Build.0 = Debug|Any CPU
		{646686A8-B9AF-4C4F-A7CF-EA5074CD46DF}.Release|Any CPU.ActiveCfg = Release|Any CPU
		{646686A8-B9AF-4C4F-A7CF-EA5074CD46DF}.Release|Any CPU.Build.0 = Release|Any CPU
		{3CB35B6D-96F2-4AF7-AA45-FBF95CF6406C}.Debug|Any CPU.ActiveCfg = Debug|Any CPU
		{3CB35B6D-96F2-4AF7-AA45-FBF95CF6406C}.Debug|Any CPU.Build.0 = Debug|Any CPU
		{3CB35B6D-96F2-4AF7-AA45-FBF95CF6406C}.Release|Any CPU.ActiveCfg = Release|Any CPU
		{3CB35B6D-96F2-4AF7-AA45-FBF95CF6406C}.Release|Any CPU.Build.0 = Release|Any CPU
	EndGlobalSection
	GlobalSection(SolutionProperties) = preSolution
		HideSolutionNode = FALSE
	EndGlobalSection
	GlobalSection(ExtensibilityGlobals) = postSolution
		SolutionGuid = {06021670-2084-4918-B017-D4F6443667C5}
	EndGlobalSection
EndGlobal
