
Microsoft Visual Studio Solution File, Format Version 12.00
# Visual Studio Version 17
VisualStudioVersion = 17.1.32228.430
MinimumVisualStudioVersion = 10.0.40219.1
Project("{8BC9CEB8-8B4A-11D0-8D11-00A0C91BC942}") = "Bai006", "Bai006\Bai006.vcxproj", "{A96F43FB-F93A-4E88-B15C-A17180E879F0}"
EndProject
Project("{8BC9CEB8-8B4A-11D0-8D11-00A0C91BC942}") = "Bai021", "Bai021\Bai021.vcxproj", "{3D0D70DD-5C20-4A92-9A41-B95DE49B8FE2}"
EndProject
Project("{8BC9CEB8-8B4A-11D0-8D11-00A0C91BC942}") = "Bai022", "Bai022\Bai022.vcxproj", "{76A7FACD-60F0-40B8-A7CB-88DFCBB0A3FE}"
EndProject
Project("{8BC9CEB8-8B4A-11D0-8D11-00A0C91BC942}") = "Bai037", "Bai037\Bai037.vcxproj", "{FBCAD20F-A05B-4912-9B93-A39DB593E102}"
EndProject
Project("{8BC9CEB8-8B4A-11D0-8D11-00A0C91BC942}") = "Bai038", "Bai038\Bai038.vcxproj", "{4ACBCBEB-2680-4881-96E0-18BB4E981D24}"
EndProject
Project("{8BC9CEB8-8B4A-11D0-8D11-00A0C91BC942}") = "Bai051", "Bai51\Bai51.vcxproj", "{03F8037B-A859-4A6C-B412-13E726A94903}"
EndProject
Project("{8BC9CEB8-8B4A-11D0-8D11-00A0C91BC942}") = "Bai060", "Bai060\Bai060.vcxproj", "{8CFD9E9F-7298-4FD6-A998-551ED57BA090}"
EndProject
Project("{8BC9CEB8-8B4A-11D0-8D11-00A0C91BC942}") = "Bai069", "Bai069\Bai069.vcxproj", "{59E2E9E8-79BA-40B9-BACF-44EB8E8B15FD}"
EndProject
Project("{8BC9CEB8-8B4A-11D0-8D11-00A0C91BC942}") = "Bai079", "Bai079\Bai079.vcxproj", "{FCB4F857-21E9-46F0-B27E-DF2170803349}"
EndProject
Project("{8BC9CEB8-8B4A-11D0-8D11-00A0C91BC942}") = "Bai080", "Bai080\Bai080.vcxproj", "{FE09E94E-50E6-468E-BBE8-6A49051465D8}"
EndProject
Project("{8BC9CEB8-8B4A-11D0-8D11-00A0C91BC942}") = "Bai081", "Bai081\Bai081.vcxproj", "{CCF47BE0-6F77-4D95-9659-84539D763095}"
EndProject
Project("{8BC9CEB8-8B4A-11D0-8D11-00A0C91BC942}") = "Bai101", "Bai101\Bai101.vcxproj", "{A65DDBC3-C341-4672-958E-719C69EA188D}"
EndProject
Project("{8BC9CEB8-8B4A-11D0-8D11-00A0C91BC942}") = "Bai102", "Bai102\Bai102.vcxproj", "{2DF9EA03-4E20-4D7C-BAD6-790ED0047413}"
EndProject
Project("{8BC9CEB8-8B4A-11D0-8D11-00A0C91BC942}") = "Bai119", "Bai119\Bai119.vcxproj", "{EF43A1C1-D62A-478C-B07A-C1FE09DEE873}"
EndProject
Project("{8BC9CEB8-8B4A-11D0-8D11-00A0C91BC942}") = "Bai120", "bai120\bai120.vcxproj", "{ADD3582B-74B1-4E2C-AA50-8153378CFB6C}"
EndProject
Project("{8BC9CEB8-8B4A-11D0-8D11-00A0C91BC942}") = "Bai121", "Bai121\Bai121.vcxproj", "{5B77EC5E-8D16-42C5-8DDC-A15BC46A92F6}"
EndProject
Project("{8BC9CEB8-8B4A-11D0-8D11-00A0C91BC942}") = "Bai141", "Bai141\Bai141.vcxproj", "{480457D6-32CE-459E-8BF8-813264B63F92}"
EndProject
Project("{8BC9CEB8-8B4A-11D0-8D11-00A0C91BC942}") = "Bai142", "Bai142\Bai142.vcxproj", "{2762FF33-EB8C-494B-94A2-0D5E53FCBE7B}"
EndProject
Project("{8BC9CEB8-8B4A-11D0-8D11-00A0C91BC942}") = "Bai155", "Bai155\Bai155.vcxproj", "{A7F17532-4934-4DAD-B3A4-D77CEEC98302}"
EndProject
Project("{8BC9CEB8-8B4A-11D0-8D11-00A0C91BC942}") = "Bai165", "Bai165\Bai165.vcxproj", "{4B1CD8F5-50AA-455B-A324-8637C70C395A}"
EndProject
Project("{8BC9CEB8-8B4A-11D0-8D11-00A0C91BC942}") = "Bai166", "Bai166\Bai166.vcxproj", "{1F9105FA-4CD9-4ABF-B38D-98C4CC3D5B0E}"
EndProject
Project("{8BC9CEB8-8B4A-11D0-8D11-00A0C91BC942}") = "Bai181", "Bai181\Bai181.vcxproj", "{7CEEC231-6795-4C92-B618-1EA59F2F8830}"
EndProject
Project("{8BC9CEB8-8B4A-11D0-8D11-00A0C91BC942}") = "Bai182", "Bai182\Bai182.vcxproj", "{0FAF986B-039C-4AB8-9960-141279304D9E}"
EndProject
Project("{8BC9CEB8-8B4A-11D0-8D11-00A0C91BC942}") = "Bai195", "Bai195\Bai195.vcxproj", "{117FAFEC-04D4-488C-BCED-929067079926}"
EndProject
Project("{8BC9CEB8-8B4A-11D0-8D11-00A0C91BC942}") = "Bai203", "Bai203\Bai203.vcxproj", "{54F5DBAE-5096-428E-AC77-3C0553BC7F89}"
EndProject
Project("{8BC9CEB8-8B4A-11D0-8D11-00A0C91BC942}") = "Bai213", "Bai213\Bai213.vcxproj", "{F4AF06BC-946A-4CE9-A779-C4A4BE45E9C9}"
EndProject
Project("{8BC9CEB8-8B4A-11D0-8D11-00A0C91BC942}") = "Bai214", "Bai214\Bai214.vcxproj", "{A946FBA9-1250-49D6-A3B6-8B298D637EA1}"
EndProject
Project("{8BC9CEB8-8B4A-11D0-8D11-00A0C91BC942}") = "Bai229", "Bai229\Bai229.vcxproj", "{C433FE3C-38FC-40E5-A6D3-27856C2C5619}"
EndProject
Project("{8BC9CEB8-8B4A-11D0-8D11-00A0C91BC942}") = "Bai230", "Bai230\Bai230.vcxproj", "{2F37B262-E5BA-4060-B073-84B056822C1B}"
EndProject
Project("{8BC9CEB8-8B4A-11D0-8D11-00A0C91BC942}") = "Bai243", "Bai243\Bai243.vcxproj", "{F610D72D-08F5-431E-A882-D06563655919}"
EndProject
Project("{8BC9CEB8-8B4A-11D0-8D11-00A0C91BC942}") = "Bai259", "Bai259\Bai259.vcxproj", "{C1A969D6-3010-4253-8F30-9CB68BBBCF77}"
EndProject
Project("{8BC9CEB8-8B4A-11D0-8D11-00A0C91BC942}") = "Bai260", "Bai260\Bai260.vcxproj", "{AC1FEBB2-C863-4434-8889-E7B17F323C2F}"
EndProject
Project("{8BC9CEB8-8B4A-11D0-8D11-00A0C91BC942}") = "Bai269", "Bai269\Bai269.vcxproj", "{DD301913-825A-4671-8DD1-05E6C283F691}"
EndProject
Project("{8BC9CEB8-8B4A-11D0-8D11-00A0C91BC942}") = "Bai270", "Bai270\Bai270.vcxproj", "{0C313DA4-AF56-410D-A3DD-E61012626D19}"
EndProject
Project("{8BC9CEB8-8B4A-11D0-8D11-00A0C91BC942}") = "Bai283", "Bai283\Bai283.vcxproj", "{EBEF1D98-69E0-46E2-BBE9-3F122CC7961B}"
EndProject
Project("{8BC9CEB8-8B4A-11D0-8D11-00A0C91BC942}") = "Bai291", "Bai291\Bai291.vcxproj", "{51B08FCF-2373-470F-865C-A15C93F58252}"
EndProject
Project("{8BC9CEB8-8B4A-11D0-8D11-00A0C91BC942}") = "Bai005", "Bai005\Bai005.vcxproj", "{806D50AD-3025-438E-97AE-9341E2701A2D}"
EndProject
Global
	GlobalSection(SolutionConfigurationPlatforms) = preSolution
		Debug|x64 = Debug|x64
		Debug|x86 = Debug|x86
		Release|x64 = Release|x64
		Release|x86 = Release|x86
	EndGlobalSection
	GlobalSection(ProjectConfigurationPlatforms) = postSolution
		{A96F43FB-F93A-4E88-B15C-A17180E879F0}.Debug|x64.ActiveCfg = Debug|x64
		{A96F43FB-F93A-4E88-B15C-A17180E879F0}.Debug|x64.Build.0 = Debug|x64
		{A96F43FB-F93A-4E88-B15C-A17180E879F0}.Debug|x86.ActiveCfg = Debug|Win32
		{A96F43FB-F93A-4E88-B15C-A17180E879F0}.Debug|x86.Build.0 = Debug|Win32
		{A96F43FB-F93A-4E88-B15C-A17180E879F0}.Release|x64.ActiveCfg = Release|x64
		{A96F43FB-F93A-4E88-B15C-A17180E879F0}.Release|x64.Build.0 = Release|x64
		{A96F43FB-F93A-4E88-B15C-A17180E879F0}.Release|x86.ActiveCfg = Release|Win32
		{A96F43FB-F93A-4E88-B15C-A17180E879F0}.Release|x86.Build.0 = Release|Win32
		{3D0D70DD-5C20-4A92-9A41-B95DE49B8FE2}.Debug|x64.ActiveCfg = Debug|x64
		{3D0D70DD-5C20-4A92-9A41-B95DE49B8FE2}.Debug|x64.Build.0 = Debug|x64
		{3D0D70DD-5C20-4A92-9A41-B95DE49B8FE2}.Debug|x86.ActiveCfg = Debug|Win32
		{3D0D70DD-5C20-4A92-9A41-B95DE49B8FE2}.Debug|x86.Build.0 = Debug|Win32
		{3D0D70DD-5C20-4A92-9A41-B95DE49B8FE2}.Release|x64.ActiveCfg = Release|x64
		{3D0D70DD-5C20-4A92-9A41-B95DE49B8FE2}.Release|x64.Build.0 = Release|x64
		{3D0D70DD-5C20-4A92-9A41-B95DE49B8FE2}.Release|x86.ActiveCfg = Release|Win32
		{3D0D70DD-5C20-4A92-9A41-B95DE49B8FE2}.Release|x86.Build.0 = Release|Win32
		{76A7FACD-60F0-40B8-A7CB-88DFCBB0A3FE}.Debug|x64.ActiveCfg = Debug|x64
		{76A7FACD-60F0-40B8-A7CB-88DFCBB0A3FE}.Debug|x64.Build.0 = Debug|x64
		{76A7FACD-60F0-40B8-A7CB-88DFCBB0A3FE}.Debug|x86.ActiveCfg = Debug|Win32
		{76A7FACD-60F0-40B8-A7CB-88DFCBB0A3FE}.Debug|x86.Build.0 = Debug|Win32
		{76A7FACD-60F0-40B8-A7CB-88DFCBB0A3FE}.Release|x64.ActiveCfg = Release|x64
		{76A7FACD-60F0-40B8-A7CB-88DFCBB0A3FE}.Release|x64.Build.0 = Release|x64
		{76A7FACD-60F0-40B8-A7CB-88DFCBB0A3FE}.Release|x86.ActiveCfg = Release|Win32
		{76A7FACD-60F0-40B8-A7CB-88DFCBB0A3FE}.Release|x86.Build.0 = Release|Win32
		{FBCAD20F-A05B-4912-9B93-A39DB593E102}.Debug|x64.ActiveCfg = Debug|x64
		{FBCAD20F-A05B-4912-9B93-A39DB593E102}.Debug|x64.Build.0 = Debug|x64
		{FBCAD20F-A05B-4912-9B93-A39DB593E102}.Debug|x86.ActiveCfg = Debug|Win32
		{FBCAD20F-A05B-4912-9B93-A39DB593E102}.Debug|x86.Build.0 = Debug|Win32
		{FBCAD20F-A05B-4912-9B93-A39DB593E102}.Release|x64.ActiveCfg = Release|x64
		{FBCAD20F-A05B-4912-9B93-A39DB593E102}.Release|x64.Build.0 = Release|x64
		{FBCAD20F-A05B-4912-9B93-A39DB593E102}.Release|x86.ActiveCfg = Release|Win32
		{FBCAD20F-A05B-4912-9B93-A39DB593E102}.Release|x86.Build.0 = Release|Win32
		{4ACBCBEB-2680-4881-96E0-18BB4E981D24}.Debug|x64.ActiveCfg = Debug|x64
		{4ACBCBEB-2680-4881-96E0-18BB4E981D24}.Debug|x64.Build.0 = Debug|x64
		{4ACBCBEB-2680-4881-96E0-18BB4E981D24}.Debug|x86.ActiveCfg = Debug|Win32
		{4ACBCBEB-2680-4881-96E0-18BB4E981D24}.Debug|x86.Build.0 = Debug|Win32
		{4ACBCBEB-2680-4881-96E0-18BB4E981D24}.Release|x64.ActiveCfg = Release|x64
		{4ACBCBEB-2680-4881-96E0-18BB4E981D24}.Release|x64.Build.0 = Release|x64
		{4ACBCBEB-2680-4881-96E0-18BB4E981D24}.Release|x86.ActiveCfg = Release|Win32
		{4ACBCBEB-2680-4881-96E0-18BB4E981D24}.Release|x86.Build.0 = Release|Win32
		{03F8037B-A859-4A6C-B412-13E726A94903}.Debug|x64.ActiveCfg = Debug|x64
		{03F8037B-A859-4A6C-B412-13E726A94903}.Debug|x64.Build.0 = Debug|x64
		{03F8037B-A859-4A6C-B412-13E726A94903}.Debug|x86.ActiveCfg = Debug|Win32
		{03F8037B-A859-4A6C-B412-13E726A94903}.Debug|x86.Build.0 = Debug|Win32
		{03F8037B-A859-4A6C-B412-13E726A94903}.Release|x64.ActiveCfg = Release|x64
		{03F8037B-A859-4A6C-B412-13E726A94903}.Release|x64.Build.0 = Release|x64
		{03F8037B-A859-4A6C-B412-13E726A94903}.Release|x86.ActiveCfg = Release|Win32
		{03F8037B-A859-4A6C-B412-13E726A94903}.Release|x86.Build.0 = Release|Win32
		{8CFD9E9F-7298-4FD6-A998-551ED57BA090}.Debug|x64.ActiveCfg = Debug|x64
		{8CFD9E9F-7298-4FD6-A998-551ED57BA090}.Debug|x64.Build.0 = Debug|x64
		{8CFD9E9F-7298-4FD6-A998-551ED57BA090}.Debug|x86.ActiveCfg = Debug|Win32
		{8CFD9E9F-7298-4FD6-A998-551ED57BA090}.Debug|x86.Build.0 = Debug|Win32
		{8CFD9E9F-7298-4FD6-A998-551ED57BA090}.Release|x64.ActiveCfg = Release|x64
		{8CFD9E9F-7298-4FD6-A998-551ED57BA090}.Release|x64.Build.0 = Release|x64
		{8CFD9E9F-7298-4FD6-A998-551ED57BA090}.Release|x86.ActiveCfg = Release|Win32
		{8CFD9E9F-7298-4FD6-A998-551ED57BA090}.Release|x86.Build.0 = Release|Win32
		{59E2E9E8-79BA-40B9-BACF-44EB8E8B15FD}.Debug|x64.ActiveCfg = Debug|x64
		{59E2E9E8-79BA-40B9-BACF-44EB8E8B15FD}.Debug|x64.Build.0 = Debug|x64
		{59E2E9E8-79BA-40B9-BACF-44EB8E8B15FD}.Debug|x86.ActiveCfg = Debug|Win32
		{59E2E9E8-79BA-40B9-BACF-44EB8E8B15FD}.Debug|x86.Build.0 = Debug|Win32
		{59E2E9E8-79BA-40B9-BACF-44EB8E8B15FD}.Release|x64.ActiveCfg = Release|x64
		{59E2E9E8-79BA-40B9-BACF-44EB8E8B15FD}.Release|x64.Build.0 = Release|x64
		{59E2E9E8-79BA-40B9-BACF-44EB8E8B15FD}.Release|x86.ActiveCfg = Release|Win32
		{59E2E9E8-79BA-40B9-BACF-44EB8E8B15FD}.Release|x86.Build.0 = Release|Win32
		{FCB4F857-21E9-46F0-B27E-DF2170803349}.Debug|x64.ActiveCfg = Debug|x64
		{FCB4F857-21E9-46F0-B27E-DF2170803349}.Debug|x64.Build.0 = Debug|x64
		{FCB4F857-21E9-46F0-B27E-DF2170803349}.Debug|x86.ActiveCfg = Debug|Win32
		{FCB4F857-21E9-46F0-B27E-DF2170803349}.Debug|x86.Build.0 = Debug|Win32
		{FCB4F857-21E9-46F0-B27E-DF2170803349}.Release|x64.ActiveCfg = Release|x64
		{FCB4F857-21E9-46F0-B27E-DF2170803349}.Release|x64.Build.0 = Release|x64
		{FCB4F857-21E9-46F0-B27E-DF2170803349}.Release|x86.ActiveCfg = Release|Win32
		{FCB4F857-21E9-46F0-B27E-DF2170803349}.Release|x86.Build.0 = Release|Win32
		{FE09E94E-50E6-468E-BBE8-6A49051465D8}.Debug|x64.ActiveCfg = Debug|x64
		{FE09E94E-50E6-468E-BBE8-6A49051465D8}.Debug|x64.Build.0 = Debug|x64
		{FE09E94E-50E6-468E-BBE8-6A49051465D8}.Debug|x86.ActiveCfg = Debug|Win32
		{FE09E94E-50E6-468E-BBE8-6A49051465D8}.Debug|x86.Build.0 = Debug|Win32
		{FE09E94E-50E6-468E-BBE8-6A49051465D8}.Release|x64.ActiveCfg = Release|x64
		{FE09E94E-50E6-468E-BBE8-6A49051465D8}.Release|x64.Build.0 = Release|x64
		{FE09E94E-50E6-468E-BBE8-6A49051465D8}.Release|x86.ActiveCfg = Release|Win32
		{FE09E94E-50E6-468E-BBE8-6A49051465D8}.Release|x86.Build.0 = Release|Win32
		{CCF47BE0-6F77-4D95-9659-84539D763095}.Debug|x64.ActiveCfg = Debug|x64
		{CCF47BE0-6F77-4D95-9659-84539D763095}.Debug|x64.Build.0 = Debug|x64
		{CCF47BE0-6F77-4D95-9659-84539D763095}.Debug|x86.ActiveCfg = Debug|Win32
		{CCF47BE0-6F77-4D95-9659-84539D763095}.Debug|x86.Build.0 = Debug|Win32
		{CCF47BE0-6F77-4D95-9659-84539D763095}.Release|x64.ActiveCfg = Release|x64
		{CCF47BE0-6F77-4D95-9659-84539D763095}.Release|x64.Build.0 = Release|x64
		{CCF47BE0-6F77-4D95-9659-84539D763095}.Release|x86.ActiveCfg = Release|Win32
		{CCF47BE0-6F77-4D95-9659-84539D763095}.Release|x86.Build.0 = Release|Win32
		{A65DDBC3-C341-4672-958E-719C69EA188D}.Debug|x64.ActiveCfg = Debug|x64
		{A65DDBC3-C341-4672-958E-719C69EA188D}.Debug|x64.Build.0 = Debug|x64
		{A65DDBC3-C341-4672-958E-719C69EA188D}.Debug|x86.ActiveCfg = Debug|Win32
		{A65DDBC3-C341-4672-958E-719C69EA188D}.Debug|x86.Build.0 = Debug|Win32
		{A65DDBC3-C341-4672-958E-719C69EA188D}.Release|x64.ActiveCfg = Release|x64
		{A65DDBC3-C341-4672-958E-719C69EA188D}.Release|x64.Build.0 = Release|x64
		{A65DDBC3-C341-4672-958E-719C69EA188D}.Release|x86.ActiveCfg = Release|Win32
		{A65DDBC3-C341-4672-958E-719C69EA188D}.Release|x86.Build.0 = Release|Win32
		{2DF9EA03-4E20-4D7C-BAD6-790ED0047413}.Debug|x64.ActiveCfg = Debug|x64
		{2DF9EA03-4E20-4D7C-BAD6-790ED0047413}.Debug|x64.Build.0 = Debug|x64
		{2DF9EA03-4E20-4D7C-BAD6-790ED0047413}.Debug|x86.ActiveCfg = Debug|Win32
		{2DF9EA03-4E20-4D7C-BAD6-790ED0047413}.Debug|x86.Build.0 = Debug|Win32
		{2DF9EA03-4E20-4D7C-BAD6-790ED0047413}.Release|x64.ActiveCfg = Release|x64
		{2DF9EA03-4E20-4D7C-BAD6-790ED0047413}.Release|x64.Build.0 = Release|x64
		{2DF9EA03-4E20-4D7C-BAD6-790ED0047413}.Release|x86.ActiveCfg = Release|Win32
		{2DF9EA03-4E20-4D7C-BAD6-790ED0047413}.Release|x86.Build.0 = Release|Win32
		{EF43A1C1-D62A-478C-B07A-C1FE09DEE873}.Debug|x64.ActiveCfg = Debug|x64
		{EF43A1C1-D62A-478C-B07A-C1FE09DEE873}.Debug|x64.Build.0 = Debug|x64
		{EF43A1C1-D62A-478C-B07A-C1FE09DEE873}.Debug|x86.ActiveCfg = Debug|Win32
		{EF43A1C1-D62A-478C-B07A-C1FE09DEE873}.Debug|x86.Build.0 = Debug|Win32
		{EF43A1C1-D62A-478C-B07A-C1FE09DEE873}.Release|x64.ActiveCfg = Release|x64
		{EF43A1C1-D62A-478C-B07A-C1FE09DEE873}.Release|x64.Build.0 = Release|x64
		{EF43A1C1-D62A-478C-B07A-C1FE09DEE873}.Release|x86.ActiveCfg = Release|Win32
		{EF43A1C1-D62A-478C-B07A-C1FE09DEE873}.Release|x86.Build.0 = Release|Win32
		{ADD3582B-74B1-4E2C-AA50-8153378CFB6C}.Debug|x64.ActiveCfg = Debug|x64
		{ADD3582B-74B1-4E2C-AA50-8153378CFB6C}.Debug|x64.Build.0 = Debug|x64
		{ADD3582B-74B1-4E2C-AA50-8153378CFB6C}.Debug|x86.ActiveCfg = Debug|Win32
		{ADD3582B-74B1-4E2C-AA50-8153378CFB6C}.Debug|x86.Build.0 = Debug|Win32
		{ADD3582B-74B1-4E2C-AA50-8153378CFB6C}.Release|x64.ActiveCfg = Release|x64
		{ADD3582B-74B1-4E2C-AA50-8153378CFB6C}.Release|x64.Build.0 = Release|x64
		{ADD3582B-74B1-4E2C-AA50-8153378CFB6C}.Release|x86.ActiveCfg = Release|Win32
		{ADD3582B-74B1-4E2C-AA50-8153378CFB6C}.Release|x86.Build.0 = Release|Win32
		{5B77EC5E-8D16-42C5-8DDC-A15BC46A92F6}.Debug|x64.ActiveCfg = Debug|x64
		{5B77EC5E-8D16-42C5-8DDC-A15BC46A92F6}.Debug|x64.Build.0 = Debug|x64
		{5B77EC5E-8D16-42C5-8DDC-A15BC46A92F6}.Debug|x86.ActiveCfg = Debug|Win32
		{5B77EC5E-8D16-42C5-8DDC-A15BC46A92F6}.Debug|x86.Build.0 = Debug|Win32
		{5B77EC5E-8D16-42C5-8DDC-A15BC46A92F6}.Release|x64.ActiveCfg = Release|x64
		{5B77EC5E-8D16-42C5-8DDC-A15BC46A92F6}.Release|x64.Build.0 = Release|x64
		{5B77EC5E-8D16-42C5-8DDC-A15BC46A92F6}.Release|x86.ActiveCfg = Release|Win32
		{5B77EC5E-8D16-42C5-8DDC-A15BC46A92F6}.Release|x86.Build.0 = Release|Win32
		{480457D6-32CE-459E-8BF8-813264B63F92}.Debug|x64.ActiveCfg = Debug|x64
		{480457D6-32CE-459E-8BF8-813264B63F92}.Debug|x64.Build.0 = Debug|x64
		{480457D6-32CE-459E-8BF8-813264B63F92}.Debug|x86.ActiveCfg = Debug|Win32
		{480457D6-32CE-459E-8BF8-813264B63F92}.Debug|x86.Build.0 = Debug|Win32
		{480457D6-32CE-459E-8BF8-813264B63F92}.Release|x64.ActiveCfg = Release|x64
		{480457D6-32CE-459E-8BF8-813264B63F92}.Release|x64.Build.0 = Release|x64
		{480457D6-32CE-459E-8BF8-813264B63F92}.Release|x86.ActiveCfg = Release|Win32
		{480457D6-32CE-459E-8BF8-813264B63F92}.Release|x86.Build.0 = Release|Win32
		{2762FF33-EB8C-494B-94A2-0D5E53FCBE7B}.Debug|x64.ActiveCfg = Debug|x64
		{2762FF33-EB8C-494B-94A2-0D5E53FCBE7B}.Debug|x64.Build.0 = Debug|x64
		{2762FF33-EB8C-494B-94A2-0D5E53FCBE7B}.Debug|x86.ActiveCfg = Debug|Win32
		{2762FF33-EB8C-494B-94A2-0D5E53FCBE7B}.Debug|x86.Build.0 = Debug|Win32
		{2762FF33-EB8C-494B-94A2-0D5E53FCBE7B}.Release|x64.ActiveCfg = Release|x64
		{2762FF33-EB8C-494B-94A2-0D5E53FCBE7B}.Release|x64.Build.0 = Release|x64
		{2762FF33-EB8C-494B-94A2-0D5E53FCBE7B}.Release|x86.ActiveCfg = Release|Win32
		{2762FF33-EB8C-494B-94A2-0D5E53FCBE7B}.Release|x86.Build.0 = Release|Win32
		{A7F17532-4934-4DAD-B3A4-D77CEEC98302}.Debug|x64.ActiveCfg = Debug|x64
		{A7F17532-4934-4DAD-B3A4-D77CEEC98302}.Debug|x64.Build.0 = Debug|x64
		{A7F17532-4934-4DAD-B3A4-D77CEEC98302}.Debug|x86.ActiveCfg = Debug|Win32
		{A7F17532-4934-4DAD-B3A4-D77CEEC98302}.Debug|x86.Build.0 = Debug|Win32
		{A7F17532-4934-4DAD-B3A4-D77CEEC98302}.Release|x64.ActiveCfg = Release|x64
		{A7F17532-4934-4DAD-B3A4-D77CEEC98302}.Release|x64.Build.0 = Release|x64
		{A7F17532-4934-4DAD-B3A4-D77CEEC98302}.Release|x86.ActiveCfg = Release|Win32
		{A7F17532-4934-4DAD-B3A4-D77CEEC98302}.Release|x86.Build.0 = Release|Win32
		{4B1CD8F5-50AA-455B-A324-8637C70C395A}.Debug|x64.ActiveCfg = Debug|x64
		{4B1CD8F5-50AA-455B-A324-8637C70C395A}.Debug|x64.Build.0 = Debug|x64
		{4B1CD8F5-50AA-455B-A324-8637C70C395A}.Debug|x86.ActiveCfg = Debug|Win32
		{4B1CD8F5-50AA-455B-A324-8637C70C395A}.Debug|x86.Build.0 = Debug|Win32
		{4B1CD8F5-50AA-455B-A324-8637C70C395A}.Release|x64.ActiveCfg = Release|x64
		{4B1CD8F5-50AA-455B-A324-8637C70C395A}.Release|x64.Build.0 = Release|x64
		{4B1CD8F5-50AA-455B-A324-8637C70C395A}.Release|x86.ActiveCfg = Release|Win32
		{4B1CD8F5-50AA-455B-A324-8637C70C395A}.Release|x86.Build.0 = Release|Win32
		{1F9105FA-4CD9-4ABF-B38D-98C4CC3D5B0E}.Debug|x64.ActiveCfg = Debug|x64
		{1F9105FA-4CD9-4ABF-B38D-98C4CC3D5B0E}.Debug|x64.Build.0 = Debug|x64
		{1F9105FA-4CD9-4ABF-B38D-98C4CC3D5B0E}.Debug|x86.ActiveCfg = Debug|Win32
		{1F9105FA-4CD9-4ABF-B38D-98C4CC3D5B0E}.Debug|x86.Build.0 = Debug|Win32
		{1F9105FA-4CD9-4ABF-B38D-98C4CC3D5B0E}.Release|x64.ActiveCfg = Release|x64
		{1F9105FA-4CD9-4ABF-B38D-98C4CC3D5B0E}.Release|x64.Build.0 = Release|x64
		{1F9105FA-4CD9-4ABF-B38D-98C4CC3D5B0E}.Release|x86.ActiveCfg = Release|Win32
		{1F9105FA-4CD9-4ABF-B38D-98C4CC3D5B0E}.Release|x86.Build.0 = Release|Win32
		{7CEEC231-6795-4C92-B618-1EA59F2F8830}.Debug|x64.ActiveCfg = Debug|x64
		{7CEEC231-6795-4C92-B618-1EA59F2F8830}.Debug|x64.Build.0 = Debug|x64
		{7CEEC231-6795-4C92-B618-1EA59F2F8830}.Debug|x86.ActiveCfg = Debug|Win32
		{7CEEC231-6795-4C92-B618-1EA59F2F8830}.Debug|x86.Build.0 = Debug|Win32
		{7CEEC231-6795-4C92-B618-1EA59F2F8830}.Release|x64.ActiveCfg = Release|x64
		{7CEEC231-6795-4C92-B618-1EA59F2F8830}.Release|x64.Build.0 = Release|x64
		{7CEEC231-6795-4C92-B618-1EA59F2F8830}.Release|x86.ActiveCfg = Release|Win32
		{7CEEC231-6795-4C92-B618-1EA59F2F8830}.Release|x86.Build.0 = Release|Win32
		{0FAF986B-039C-4AB8-9960-141279304D9E}.Debug|x64.ActiveCfg = Debug|x64
		{0FAF986B-039C-4AB8-9960-141279304D9E}.Debug|x64.Build.0 = Debug|x64
		{0FAF986B-039C-4AB8-9960-141279304D9E}.Debug|x86.ActiveCfg = Debug|Win32
		{0FAF986B-039C-4AB8-9960-141279304D9E}.Debug|x86.Build.0 = Debug|Win32
		{0FAF986B-039C-4AB8-9960-141279304D9E}.Release|x64.ActiveCfg = Release|x64
		{0FAF986B-039C-4AB8-9960-141279304D9E}.Release|x64.Build.0 = Release|x64
		{0FAF986B-039C-4AB8-9960-141279304D9E}.Release|x86.ActiveCfg = Release|Win32
		{0FAF986B-039C-4AB8-9960-141279304D9E}.Release|x86.Build.0 = Release|Win32
		{117FAFEC-04D4-488C-BCED-929067079926}.Debug|x64.ActiveCfg = Debug|x64
		{117FAFEC-04D4-488C-BCED-929067079926}.Debug|x64.Build.0 = Debug|x64
		{117FAFEC-04D4-488C-BCED-929067079926}.Debug|x86.ActiveCfg = Debug|Win32
		{117FAFEC-04D4-488C-BCED-929067079926}.Debug|x86.Build.0 = Debug|Win32
		{117FAFEC-04D4-488C-BCED-929067079926}.Release|x64.ActiveCfg = Release|x64
		{117FAFEC-04D4-488C-BCED-929067079926}.Release|x64.Build.0 = Release|x64
		{117FAFEC-04D4-488C-BCED-929067079926}.Release|x86.ActiveCfg = Release|Win32
		{117FAFEC-04D4-488C-BCED-929067079926}.Release|x86.Build.0 = Release|Win32
		{54F5DBAE-5096-428E-AC77-3C0553BC7F89}.Debug|x64.ActiveCfg = Debug|x64
		{54F5DBAE-5096-428E-AC77-3C0553BC7F89}.Debug|x64.Build.0 = Debug|x64
		{54F5DBAE-5096-428E-AC77-3C0553BC7F89}.Debug|x86.ActiveCfg = Debug|Win32
		{54F5DBAE-5096-428E-AC77-3C0553BC7F89}.Debug|x86.Build.0 = Debug|Win32
		{54F5DBAE-5096-428E-AC77-3C0553BC7F89}.Release|x64.ActiveCfg = Release|x64
		{54F5DBAE-5096-428E-AC77-3C0553BC7F89}.Release|x64.Build.0 = Release|x64
		{54F5DBAE-5096-428E-AC77-3C0553BC7F89}.Release|x86.ActiveCfg = Release|Win32
		{54F5DBAE-5096-428E-AC77-3C0553BC7F89}.Release|x86.Build.0 = Release|Win32
		{F4AF06BC-946A-4CE9-A779-C4A4BE45E9C9}.Debug|x64.ActiveCfg = Debug|x64
		{F4AF06BC-946A-4CE9-A779-C4A4BE45E9C9}.Debug|x64.Build.0 = Debug|x64
		{F4AF06BC-946A-4CE9-A779-C4A4BE45E9C9}.Debug|x86.ActiveCfg = Debug|Win32
		{F4AF06BC-946A-4CE9-A779-C4A4BE45E9C9}.Debug|x86.Build.0 = Debug|Win32
		{F4AF06BC-946A-4CE9-A779-C4A4BE45E9C9}.Release|x64.ActiveCfg = Release|x64
		{F4AF06BC-946A-4CE9-A779-C4A4BE45E9C9}.Release|x64.Build.0 = Release|x64
		{F4AF06BC-946A-4CE9-A779-C4A4BE45E9C9}.Release|x86.ActiveCfg = Release|Win32
		{F4AF06BC-946A-4CE9-A779-C4A4BE45E9C9}.Release|x86.Build.0 = Release|Win32
		{A946FBA9-1250-49D6-A3B6-8B298D637EA1}.Debug|x64.ActiveCfg = Debug|x64
		{A946FBA9-1250-49D6-A3B6-8B298D637EA1}.Debug|x64.Build.0 = Debug|x64
		{A946FBA9-1250-49D6-A3B6-8B298D637EA1}.Debug|x86.ActiveCfg = Debug|Win32
		{A946FBA9-1250-49D6-A3B6-8B298D637EA1}.Debug|x86.Build.0 = Debug|Win32
		{A946FBA9-1250-49D6-A3B6-8B298D637EA1}.Release|x64.ActiveCfg = Release|x64
		{A946FBA9-1250-49D6-A3B6-8B298D637EA1}.Release|x64.Build.0 = Release|x64
		{A946FBA9-1250-49D6-A3B6-8B298D637EA1}.Release|x86.ActiveCfg = Release|Win32
		{A946FBA9-1250-49D6-A3B6-8B298D637EA1}.Release|x86.Build.0 = Release|Win32
		{C433FE3C-38FC-40E5-A6D3-27856C2C5619}.Debug|x64.ActiveCfg = Debug|x64
		{C433FE3C-38FC-40E5-A6D3-27856C2C5619}.Debug|x64.Build.0 = Debug|x64
		{C433FE3C-38FC-40E5-A6D3-27856C2C5619}.Debug|x86.ActiveCfg = Debug|Win32
		{C433FE3C-38FC-40E5-A6D3-27856C2C5619}.Debug|x86.Build.0 = Debug|Win32
		{C433FE3C-38FC-40E5-A6D3-27856C2C5619}.Release|x64.ActiveCfg = Release|x64
		{C433FE3C-38FC-40E5-A6D3-27856C2C5619}.Release|x64.Build.0 = Release|x64
		{C433FE3C-38FC-40E5-A6D3-27856C2C5619}.Release|x86.ActiveCfg = Release|Win32
		{C433FE3C-38FC-40E5-A6D3-27856C2C5619}.Release|x86.Build.0 = Release|Win32
		{2F37B262-E5BA-4060-B073-84B056822C1B}.Debug|x64.ActiveCfg = Debug|x64
		{2F37B262-E5BA-4060-B073-84B056822C1B}.Debug|x64.Build.0 = Debug|x64
		{2F37B262-E5BA-4060-B073-84B056822C1B}.Debug|x86.ActiveCfg = Debug|Win32
		{2F37B262-E5BA-4060-B073-84B056822C1B}.Debug|x86.Build.0 = Debug|Win32
		{2F37B262-E5BA-4060-B073-84B056822C1B}.Release|x64.ActiveCfg = Release|x64
		{2F37B262-E5BA-4060-B073-84B056822C1B}.Release|x64.Build.0 = Release|x64
		{2F37B262-E5BA-4060-B073-84B056822C1B}.Release|x86.ActiveCfg = Release|Win32
		{2F37B262-E5BA-4060-B073-84B056822C1B}.Release|x86.Build.0 = Release|Win32
		{F610D72D-08F5-431E-A882-D06563655919}.Debug|x64.ActiveCfg = Debug|x64
		{F610D72D-08F5-431E-A882-D06563655919}.Debug|x64.Build.0 = Debug|x64
		{F610D72D-08F5-431E-A882-D06563655919}.Debug|x86.ActiveCfg = Debug|Win32
		{F610D72D-08F5-431E-A882-D06563655919}.Debug|x86.Build.0 = Debug|Win32
		{F610D72D-08F5-431E-A882-D06563655919}.Release|x64.ActiveCfg = Release|x64
		{F610D72D-08F5-431E-A882-D06563655919}.Release|x64.Build.0 = Release|x64
		{F610D72D-08F5-431E-A882-D06563655919}.Release|x86.ActiveCfg = Release|Win32
		{F610D72D-08F5-431E-A882-D06563655919}.Release|x86.Build.0 = Release|Win32
		{C1A969D6-3010-4253-8F30-9CB68BBBCF77}.Debug|x64.ActiveCfg = Debug|x64
		{C1A969D6-3010-4253-8F30-9CB68BBBCF77}.Debug|x64.Build.0 = Debug|x64
		{C1A969D6-3010-4253-8F30-9CB68BBBCF77}.Debug|x86.ActiveCfg = Debug|Win32
		{C1A969D6-3010-4253-8F30-9CB68BBBCF77}.Debug|x86.Build.0 = Debug|Win32
		{C1A969D6-3010-4253-8F30-9CB68BBBCF77}.Release|x64.ActiveCfg = Release|x64
		{C1A969D6-3010-4253-8F30-9CB68BBBCF77}.Release|x64.Build.0 = Release|x64
		{C1A969D6-3010-4253-8F30-9CB68BBBCF77}.Release|x86.ActiveCfg = Release|Win32
		{C1A969D6-3010-4253-8F30-9CB68BBBCF77}.Release|x86.Build.0 = Release|Win32
		{AC1FEBB2-C863-4434-8889-E7B17F323C2F}.Debug|x64.ActiveCfg = Debug|x64
		{AC1FEBB2-C863-4434-8889-E7B17F323C2F}.Debug|x64.Build.0 = Debug|x64
		{AC1FEBB2-C863-4434-8889-E7B17F323C2F}.Debug|x86.ActiveCfg = Debug|Win32
		{AC1FEBB2-C863-4434-8889-E7B17F323C2F}.Debug|x86.Build.0 = Debug|Win32
		{AC1FEBB2-C863-4434-8889-E7B17F323C2F}.Release|x64.ActiveCfg = Release|x64
		{AC1FEBB2-C863-4434-8889-E7B17F323C2F}.Release|x64.Build.0 = Release|x64
		{AC1FEBB2-C863-4434-8889-E7B17F323C2F}.Release|x86.ActiveCfg = Release|Win32
		{AC1FEBB2-C863-4434-8889-E7B17F323C2F}.Release|x86.Build.0 = Release|Win32
		{DD301913-825A-4671-8DD1-05E6C283F691}.Debug|x64.ActiveCfg = Debug|x64
		{DD301913-825A-4671-8DD1-05E6C283F691}.Debug|x64.Build.0 = Debug|x64
		{DD301913-825A-4671-8DD1-05E6C283F691}.Debug|x86.ActiveCfg = Debug|Win32
		{DD301913-825A-4671-8DD1-05E6C283F691}.Debug|x86.Build.0 = Debug|Win32
		{DD301913-825A-4671-8DD1-05E6C283F691}.Release|x64.ActiveCfg = Release|x64
		{DD301913-825A-4671-8DD1-05E6C283F691}.Release|x64.Build.0 = Release|x64
		{DD301913-825A-4671-8DD1-05E6C283F691}.Release|x86.ActiveCfg = Release|Win32
		{DD301913-825A-4671-8DD1-05E6C283F691}.Release|x86.Build.0 = Release|Win32
		{0C313DA4-AF56-410D-A3DD-E61012626D19}.Debug|x64.ActiveCfg = Debug|x64
		{0C313DA4-AF56-410D-A3DD-E61012626D19}.Debug|x64.Build.0 = Debug|x64
		{0C313DA4-AF56-410D-A3DD-E61012626D19}.Debug|x86.ActiveCfg = Debug|Win32
		{0C313DA4-AF56-410D-A3DD-E61012626D19}.Debug|x86.Build.0 = Debug|Win32
		{0C313DA4-AF56-410D-A3DD-E61012626D19}.Release|x64.ActiveCfg = Release|x64
		{0C313DA4-AF56-410D-A3DD-E61012626D19}.Release|x64.Build.0 = Release|x64
		{0C313DA4-AF56-410D-A3DD-E61012626D19}.Release|x86.ActiveCfg = Release|Win32
		{0C313DA4-AF56-410D-A3DD-E61012626D19}.Release|x86.Build.0 = Release|Win32
		{EBEF1D98-69E0-46E2-BBE9-3F122CC7961B}.Debug|x64.ActiveCfg = Debug|x64
		{EBEF1D98-69E0-46E2-BBE9-3F122CC7961B}.Debug|x64.Build.0 = Debug|x64
		{EBEF1D98-69E0-46E2-BBE9-3F122CC7961B}.Debug|x86.ActiveCfg = Debug|Win32
		{EBEF1D98-69E0-46E2-BBE9-3F122CC7961B}.Debug|x86.Build.0 = Debug|Win32
		{EBEF1D98-69E0-46E2-BBE9-3F122CC7961B}.Release|x64.ActiveCfg = Release|x64
		{EBEF1D98-69E0-46E2-BBE9-3F122CC7961B}.Release|x64.Build.0 = Release|x64
		{EBEF1D98-69E0-46E2-BBE9-3F122CC7961B}.Release|x86.ActiveCfg = Release|Win32
		{EBEF1D98-69E0-46E2-BBE9-3F122CC7961B}.Release|x86.Build.0 = Release|Win32
		{51B08FCF-2373-470F-865C-A15C93F58252}.Debug|x64.ActiveCfg = Debug|x64
		{51B08FCF-2373-470F-865C-A15C93F58252}.Debug|x64.Build.0 = Debug|x64
		{51B08FCF-2373-470F-865C-A15C93F58252}.Debug|x86.ActiveCfg = Debug|Win32
		{51B08FCF-2373-470F-865C-A15C93F58252}.Debug|x86.Build.0 = Debug|Win32
		{51B08FCF-2373-470F-865C-A15C93F58252}.Release|x64.ActiveCfg = Release|x64
		{51B08FCF-2373-470F-865C-A15C93F58252}.Release|x64.Build.0 = Release|x64
		{51B08FCF-2373-470F-865C-A15C93F58252}.Release|x86.ActiveCfg = Release|Win32
		{51B08FCF-2373-470F-865C-A15C93F58252}.Release|x86.Build.0 = Release|Win32
		{806D50AD-3025-438E-97AE-9341E2701A2D}.Debug|x64.ActiveCfg = Debug|x64
		{806D50AD-3025-438E-97AE-9341E2701A2D}.Debug|x64.Build.0 = Debug|x64
		{806D50AD-3025-438E-97AE-9341E2701A2D}.Debug|x86.ActiveCfg = Debug|Win32
		{806D50AD-3025-438E-97AE-9341E2701A2D}.Debug|x86.Build.0 = Debug|Win32
		{806D50AD-3025-438E-97AE-9341E2701A2D}.Release|x64.ActiveCfg = Release|x64
		{806D50AD-3025-438E-97AE-9341E2701A2D}.Release|x64.Build.0 = Release|x64
		{806D50AD-3025-438E-97AE-9341E2701A2D}.Release|x86.ActiveCfg = Release|Win32
		{806D50AD-3025-438E-97AE-9341E2701A2D}.Release|x86.Build.0 = Release|Win32
	EndGlobalSection
	GlobalSection(SolutionProperties) = preSolution
		HideSolutionNode = FALSE
	EndGlobalSection
	GlobalSection(ExtensibilityGlobals) = postSolution
		SolutionGuid = {DBB02F72-5B5B-44CA-95F2-F8638159233F}
	EndGlobalSection
EndGlobal
