
Microsoft Visual Studio Solution File, Format Version 12.00
# Visual Studio Version 17
VisualStudioVersion = 17.1.32228.430
MinimumVisualStudioVersion = 10.0.40219.1
Project("{8BC9CEB8-8B4A-11D0-8D11-00A0C91BC942}") = "LapTrinhHamBaiDiem", "LapTrinhHamBaiDiem\LapTrinhHamBaiDiem.vcxproj", "{AF67C434-F57F-4F59-B8A0-6BA50394173C}"
EndProject
Project("{8BC9CEB8-8B4A-11D0-8D11-00A0C91BC942}") = "LapTrinhHamBai2", "LapTrinhHamBai2\LapTrinhHamBai2.vcxproj", "{21DAB2B6-17A2-4FB1-83CC-6229656AC6D8}"
EndProject
Project("{8BC9CEB8-8B4A-11D0-8D11-00A0C91BC942}") = "LapTrinhHamBai3", "LapTrinhHamBai3\LapTrinhHamBai3.vcxproj", "{884387E4-666B-4030-8A6A-7114375098B2}"
EndProject
Project("{8BC9CEB8-8B4A-11D0-8D11-00A0C91BC942}") = "LapTrinhHamBai1", "LapTrinhHamBai1\LapTrinhHamBaiPhanSo.vcxproj", "{1D1B5C87-60A2-4A02-9A41-0E14981733F4}"
EndProject
Project("{8BC9CEB8-8B4A-11D0-8D11-00A0C91BC942}") = "LapTrinhHamBai4", "LapTrinhHamBai4\LapTrinhHamBai4.vcxproj", "{DCB4D2F8-A7AD-40B8-B52E-FD59DACB4335}"
EndProject
Project("{8BC9CEB8-8B4A-11D0-8D11-00A0C91BC942}") = "LapTrinhHamBai5", "LapTrinhHamBai5\LapTrinhHamBai5.vcxproj", "{5E51536A-4068-4633-91FE-A038C86FB9FF}"
EndProject
Project("{8BC9CEB8-8B4A-11D0-8D11-00A0C91BC942}") = "LapTrinhHamBai6", "LapTrinhHamBai6\LapTrinhHamBai6.vcxproj", "{7B0E3F24-E227-4D85-A3AB-B39B67F99AB9}"
EndProject
Project("{8BC9CEB8-8B4A-11D0-8D11-00A0C91BC942}") = "LapTrinhHamBai7", "LapTrinhHamBai7\LapTrinhHamBai7.vcxproj", "{3DEFB5B2-BF83-4087-89EA-299876D1C8A1}"
EndProject
Project("{8BC9CEB8-8B4A-11D0-8D11-00A0C91BC942}") = "LapTrinhHamBai8", "LapTrinhHamBai8\LapTrinhHamBai8.vcxproj", "{191F2018-F573-41BD-8D60-6CD1DF6261BB}"
EndProject
Project("{8BC9CEB8-8B4A-11D0-8D11-00A0C91BC942}") = "LapTrinhHamBai9", "LapTrinhHamBai9\LapTrinhHamBai9.vcxproj", "{0EB00179-AFFB-45DE-8333-AFD49AA1C858}"
EndProject
Project("{8BC9CEB8-8B4A-11D0-8D11-00A0C91BC942}") = "Bai001", "Bai001\Bai001.vcxproj", "{42A4C92B-0FC3-4F30-B9AC-93C24D70AB61}"
EndProject
Project("{8BC9CEB8-8B4A-11D0-8D11-00A0C91BC942}") = "Bai002", "Bai002\Bai002.vcxproj", "{C4EF6060-CDEE-4ACF-88AD-C0463880F23D}"
EndProject
Project("{8BC9CEB8-8B4A-11D0-8D11-00A0C91BC942}") = "Bai003", "Bai003\Bai003.vcxproj", "{DB1C93AA-6515-4FB3-A8BA-006E702B0B36}"
EndProject
Project("{8BC9CEB8-8B4A-11D0-8D11-00A0C91BC942}") = "Bai004", "Bai004\Bai004.vcxproj", "{9764F096-2A18-40DC-8CA6-3AB0144703CA}"
EndProject
Project("{8BC9CEB8-8B4A-11D0-8D11-00A0C91BC942}") = "Bai005", "Bai005\Bai005.vcxproj", "{E9E9AEE4-7623-426C-BD02-F0A139019110}"
EndProject
Project("{8BC9CEB8-8B4A-11D0-8D11-00A0C91BC942}") = "Bai006", "Bai006\Bai006.vcxproj", "{2B4EC87B-A9E9-46A5-A9C5-983A06CAAE40}"
EndProject
Project("{8BC9CEB8-8B4A-11D0-8D11-00A0C91BC942}") = "Bai007", "Bai007\Bai007.vcxproj", "{D91AF08C-643A-4E20-824F-A0BA24EB9003}"
EndProject
Project("{8BC9CEB8-8B4A-11D0-8D11-00A0C91BC942}") = "Bai008", "Bai008\Bai008.vcxproj", "{CF61A1CE-D281-4C4C-8772-BF1E8CCB4287}"
EndProject
Project("{8BC9CEB8-8B4A-11D0-8D11-00A0C91BC942}") = "CPhanSo", "CPhanSo\CPhanSo.vcxproj", "{5C51DE1D-EB34-400C-9FC8-79B04138F8D5}"
EndProject
Project("{8BC9CEB8-8B4A-11D0-8D11-00A0C91BC942}") = "CDiem", "CDiem\CDiem.vcxproj", "{99361564-39B1-4E15-A01C-A4423C8B5830}"
EndProject
Project("{8BC9CEB8-8B4A-11D0-8D11-00A0C91BC942}") = "CHonSo", "CHonSo\CHonSo.vcxproj", "{BDFC5A3B-601E-4121-BD0C-A182DF0275B7}"
EndProject
Project("{8BC9CEB8-8B4A-11D0-8D11-00A0C91BC942}") = "CSoPhuc", "CSoPhuc\CSoPhuc.vcxproj", "{1DF04F94-8AC9-4B1C-9C8A-56C7DF0EBE26}"
EndProject
Project("{8BC9CEB8-8B4A-11D0-8D11-00A0C91BC942}") = "CDiemKhongGian", "CDiemKhongGian\CDiemKhongGian.vcxproj", "{A9CD4CD2-122E-413C-9E69-3A96BB695644}"
EndProject
Project("{8BC9CEB8-8B4A-11D0-8D11-00A0C91BC942}") = "CNgay", "CNgay\CNgay.vcxproj", "{C32F4A91-2FF7-429E-BB57-278DD4FBBC5D}"
EndProject
Project("{8BC9CEB8-8B4A-11D0-8D11-00A0C91BC942}") = "CDonThuc", "CDonThuc\CDonThuc.vcxproj", "{0B82BC84-6109-4744-BF5F-CD45DE262432}"
EndProject
Project("{8BC9CEB8-8B4A-11D0-8D11-00A0C91BC942}") = "CTamGiac", "CTamGiac\CTamGiac.vcxproj", "{1C1760DA-549D-4BDA-97DB-5008E4BEE71B}"
EndProject
Project("{8BC9CEB8-8B4A-11D0-8D11-00A0C91BC942}") = "CDuongTron", "CDuongTron\CDuongTron.vcxproj", "{DD9DE2C5-8D95-469D-B5A7-9750D5FD2BF4}"
EndProject
Project("{8BC9CEB8-8B4A-11D0-8D11-00A0C91BC942}") = "CHinhCau", "CHinhCau\CHinhCau.vcxproj", "{CC3CC111-5000-4361-B380-CB5B3964D1D8}"
EndProject
Project("{8BC9CEB8-8B4A-11D0-8D11-00A0C91BC942}") = "CDuongThang", "CDuongThang\CDuongThang.vcxproj", "{1B5134E3-97F5-4C77-BF74-FE0F06E6882E}"
EndProject
Project("{8BC9CEB8-8B4A-11D0-8D11-00A0C91BC942}") = "CThoiGian", "CThoiGian\CThoiGian.vcxproj", "{D109D9A2-F2F9-4FCE-AEA4-48A3540F495B}"
EndProject
Project("{8BC9CEB8-8B4A-11D0-8D11-00A0C91BC942}") = "MangDong", "MangDong\MangDong.vcxproj", "{0ABEDB51-8788-480F-99F5-EE70C9EBE6AF}"
EndProject
Global
	GlobalSection(SolutionConfigurationPlatforms) = preSolution
		Debug|x64 = Debug|x64
		Debug|x86 = Debug|x86
		Release|x64 = Release|x64
		Release|x86 = Release|x86
	EndGlobalSection
	GlobalSection(ProjectConfigurationPlatforms) = postSolution
		{AF67C434-F57F-4F59-B8A0-6BA50394173C}.Debug|x64.ActiveCfg = Debug|x64
		{AF67C434-F57F-4F59-B8A0-6BA50394173C}.Debug|x64.Build.0 = Debug|x64
		{AF67C434-F57F-4F59-B8A0-6BA50394173C}.Debug|x86.ActiveCfg = Debug|Win32
		{AF67C434-F57F-4F59-B8A0-6BA50394173C}.Debug|x86.Build.0 = Debug|Win32
		{AF67C434-F57F-4F59-B8A0-6BA50394173C}.Release|x64.ActiveCfg = Release|x64
		{AF67C434-F57F-4F59-B8A0-6BA50394173C}.Release|x64.Build.0 = Release|x64
		{AF67C434-F57F-4F59-B8A0-6BA50394173C}.Release|x86.ActiveCfg = Release|Win32
		{AF67C434-F57F-4F59-B8A0-6BA50394173C}.Release|x86.Build.0 = Release|Win32
		{21DAB2B6-17A2-4FB1-83CC-6229656AC6D8}.Debug|x64.ActiveCfg = Debug|x64
		{21DAB2B6-17A2-4FB1-83CC-6229656AC6D8}.Debug|x64.Build.0 = Debug|x64
		{21DAB2B6-17A2-4FB1-83CC-6229656AC6D8}.Debug|x86.ActiveCfg = Debug|Win32
		{21DAB2B6-17A2-4FB1-83CC-6229656AC6D8}.Debug|x86.Build.0 = Debug|Win32
		{21DAB2B6-17A2-4FB1-83CC-6229656AC6D8}.Release|x64.ActiveCfg = Release|x64
		{21DAB2B6-17A2-4FB1-83CC-6229656AC6D8}.Release|x64.Build.0 = Release|x64
		{21DAB2B6-17A2-4FB1-83CC-6229656AC6D8}.Release|x86.ActiveCfg = Release|Win32
		{21DAB2B6-17A2-4FB1-83CC-6229656AC6D8}.Release|x86.Build.0 = Release|Win32
		{884387E4-666B-4030-8A6A-7114375098B2}.Debug|x64.ActiveCfg = Debug|x64
		{884387E4-666B-4030-8A6A-7114375098B2}.Debug|x64.Build.0 = Debug|x64
		{884387E4-666B-4030-8A6A-7114375098B2}.Debug|x86.ActiveCfg = Debug|Win32
		{884387E4-666B-4030-8A6A-7114375098B2}.Debug|x86.Build.0 = Debug|Win32
		{884387E4-666B-4030-8A6A-7114375098B2}.Release|x64.ActiveCfg = Release|x64
		{884387E4-666B-4030-8A6A-7114375098B2}.Release|x64.Build.0 = Release|x64
		{884387E4-666B-4030-8A6A-7114375098B2}.Release|x86.ActiveCfg = Release|Win32
		{884387E4-666B-4030-8A6A-7114375098B2}.Release|x86.Build.0 = Release|Win32
		{1D1B5C87-60A2-4A02-9A41-0E14981733F4}.Debug|x64.ActiveCfg = Debug|x64
		{1D1B5C87-60A2-4A02-9A41-0E14981733F4}.Debug|x64.Build.0 = Debug|x64
		{1D1B5C87-60A2-4A02-9A41-0E14981733F4}.Debug|x86.ActiveCfg = Debug|Win32
		{1D1B5C87-60A2-4A02-9A41-0E14981733F4}.Debug|x86.Build.0 = Debug|Win32
		{1D1B5C87-60A2-4A02-9A41-0E14981733F4}.Release|x64.ActiveCfg = Release|x64
		{1D1B5C87-60A2-4A02-9A41-0E14981733F4}.Release|x64.Build.0 = Release|x64
		{1D1B5C87-60A2-4A02-9A41-0E14981733F4}.Release|x86.ActiveCfg = Release|Win32
		{1D1B5C87-60A2-4A02-9A41-0E14981733F4}.Release|x86.Build.0 = Release|Win32
		{DCB4D2F8-A7AD-40B8-B52E-FD59DACB4335}.Debug|x64.ActiveCfg = Debug|x64
		{DCB4D2F8-A7AD-40B8-B52E-FD59DACB4335}.Debug|x64.Build.0 = Debug|x64
		{DCB4D2F8-A7AD-40B8-B52E-FD59DACB4335}.Debug|x86.ActiveCfg = Debug|Win32
		{DCB4D2F8-A7AD-40B8-B52E-FD59DACB4335}.Debug|x86.Build.0 = Debug|Win32
		{DCB4D2F8-A7AD-40B8-B52E-FD59DACB4335}.Release|x64.ActiveCfg = Release|x64
		{DCB4D2F8-A7AD-40B8-B52E-FD59DACB4335}.Release|x64.Build.0 = Release|x64
		{DCB4D2F8-A7AD-40B8-B52E-FD59DACB4335}.Release|x86.ActiveCfg = Release|Win32
		{DCB4D2F8-A7AD-40B8-B52E-FD59DACB4335}.Release|x86.Build.0 = Release|Win32
		{5E51536A-4068-4633-91FE-A038C86FB9FF}.Debug|x64.ActiveCfg = Debug|x64
		{5E51536A-4068-4633-91FE-A038C86FB9FF}.Debug|x64.Build.0 = Debug|x64
		{5E51536A-4068-4633-91FE-A038C86FB9FF}.Debug|x86.ActiveCfg = Debug|Win32
		{5E51536A-4068-4633-91FE-A038C86FB9FF}.Debug|x86.Build.0 = Debug|Win32
		{5E51536A-4068-4633-91FE-A038C86FB9FF}.Release|x64.ActiveCfg = Release|x64
		{5E51536A-4068-4633-91FE-A038C86FB9FF}.Release|x64.Build.0 = Release|x64
		{5E51536A-4068-4633-91FE-A038C86FB9FF}.Release|x86.ActiveCfg = Release|Win32
		{5E51536A-4068-4633-91FE-A038C86FB9FF}.Release|x86.Build.0 = Release|Win32
		{7B0E3F24-E227-4D85-A3AB-B39B67F99AB9}.Debug|x64.ActiveCfg = Debug|x64
		{7B0E3F24-E227-4D85-A3AB-B39B67F99AB9}.Debug|x64.Build.0 = Debug|x64
		{7B0E3F24-E227-4D85-A3AB-B39B67F99AB9}.Debug|x86.ActiveCfg = Debug|Win32
		{7B0E3F24-E227-4D85-A3AB-B39B67F99AB9}.Debug|x86.Build.0 = Debug|Win32
		{7B0E3F24-E227-4D85-A3AB-B39B67F99AB9}.Release|x64.ActiveCfg = Release|x64
		{7B0E3F24-E227-4D85-A3AB-B39B67F99AB9}.Release|x64.Build.0 = Release|x64
		{7B0E3F24-E227-4D85-A3AB-B39B67F99AB9}.Release|x86.ActiveCfg = Release|Win32
		{7B0E3F24-E227-4D85-A3AB-B39B67F99AB9}.Release|x86.Build.0 = Release|Win32
		{3DEFB5B2-BF83-4087-89EA-299876D1C8A1}.Debug|x64.ActiveCfg = Debug|x64
		{3DEFB5B2-BF83-4087-89EA-299876D1C8A1}.Debug|x64.Build.0 = Debug|x64
		{3DEFB5B2-BF83-4087-89EA-299876D1C8A1}.Debug|x86.ActiveCfg = Debug|Win32
		{3DEFB5B2-BF83-4087-89EA-299876D1C8A1}.Debug|x86.Build.0 = Debug|Win32
		{3DEFB5B2-BF83-4087-89EA-299876D1C8A1}.Release|x64.ActiveCfg = Release|x64
		{3DEFB5B2-BF83-4087-89EA-299876D1C8A1}.Release|x64.Build.0 = Release|x64
		{3DEFB5B2-BF83-4087-89EA-299876D1C8A1}.Release|x86.ActiveCfg = Release|Win32
		{3DEFB5B2-BF83-4087-89EA-299876D1C8A1}.Release|x86.Build.0 = Release|Win32
		{191F2018-F573-41BD-8D60-6CD1DF6261BB}.Debug|x64.ActiveCfg = Debug|x64
		{191F2018-F573-41BD-8D60-6CD1DF6261BB}.Debug|x64.Build.0 = Debug|x64
		{191F2018-F573-41BD-8D60-6CD1DF6261BB}.Debug|x86.ActiveCfg = Debug|Win32
		{191F2018-F573-41BD-8D60-6CD1DF6261BB}.Debug|x86.Build.0 = Debug|Win32
		{191F2018-F573-41BD-8D60-6CD1DF6261BB}.Release|x64.ActiveCfg = Release|x64
		{191F2018-F573-41BD-8D60-6CD1DF6261BB}.Release|x64.Build.0 = Release|x64
		{191F2018-F573-41BD-8D60-6CD1DF6261BB}.Release|x86.ActiveCfg = Release|Win32
		{191F2018-F573-41BD-8D60-6CD1DF6261BB}.Release|x86.Build.0 = Release|Win32
		{0EB00179-AFFB-45DE-8333-AFD49AA1C858}.Debug|x64.ActiveCfg = Debug|x64
		{0EB00179-AFFB-45DE-8333-AFD49AA1C858}.Debug|x64.Build.0 = Debug|x64
		{0EB00179-AFFB-45DE-8333-AFD49AA1C858}.Debug|x86.ActiveCfg = Debug|Win32
		{0EB00179-AFFB-45DE-8333-AFD49AA1C858}.Debug|x86.Build.0 = Debug|Win32
		{0EB00179-AFFB-45DE-8333-AFD49AA1C858}.Release|x64.ActiveCfg = Release|x64
		{0EB00179-AFFB-45DE-8333-AFD49AA1C858}.Release|x64.Build.0 = Release|x64
		{0EB00179-AFFB-45DE-8333-AFD49AA1C858}.Release|x86.ActiveCfg = Release|Win32
		{0EB00179-AFFB-45DE-8333-AFD49AA1C858}.Release|x86.Build.0 = Release|Win32
		{42A4C92B-0FC3-4F30-B9AC-93C24D70AB61}.Debug|x64.ActiveCfg = Debug|x64
		{42A4C92B-0FC3-4F30-B9AC-93C24D70AB61}.Debug|x64.Build.0 = Debug|x64
		{42A4C92B-0FC3-4F30-B9AC-93C24D70AB61}.Debug|x86.ActiveCfg = Debug|Win32
		{42A4C92B-0FC3-4F30-B9AC-93C24D70AB61}.Debug|x86.Build.0 = Debug|Win32
		{42A4C92B-0FC3-4F30-B9AC-93C24D70AB61}.Release|x64.ActiveCfg = Release|x64
		{42A4C92B-0FC3-4F30-B9AC-93C24D70AB61}.Release|x64.Build.0 = Release|x64
		{42A4C92B-0FC3-4F30-B9AC-93C24D70AB61}.Release|x86.ActiveCfg = Release|Win32
		{42A4C92B-0FC3-4F30-B9AC-93C24D70AB61}.Release|x86.Build.0 = Release|Win32
		{C4EF6060-CDEE-4ACF-88AD-C0463880F23D}.Debug|x64.ActiveCfg = Debug|x64
		{C4EF6060-CDEE-4ACF-88AD-C0463880F23D}.Debug|x64.Build.0 = Debug|x64
		{C4EF6060-CDEE-4ACF-88AD-C0463880F23D}.Debug|x86.ActiveCfg = Debug|Win32
		{C4EF6060-CDEE-4ACF-88AD-C0463880F23D}.Debug|x86.Build.0 = Debug|Win32
		{C4EF6060-CDEE-4ACF-88AD-C0463880F23D}.Release|x64.ActiveCfg = Release|x64
		{C4EF6060-CDEE-4ACF-88AD-C0463880F23D}.Release|x64.Build.0 = Release|x64
		{C4EF6060-CDEE-4ACF-88AD-C0463880F23D}.Release|x86.ActiveCfg = Release|Win32
		{C4EF6060-CDEE-4ACF-88AD-C0463880F23D}.Release|x86.Build.0 = Release|Win32
		{DB1C93AA-6515-4FB3-A8BA-006E702B0B36}.Debug|x64.ActiveCfg = Debug|x64
		{DB1C93AA-6515-4FB3-A8BA-006E702B0B36}.Debug|x64.Build.0 = Debug|x64
		{DB1C93AA-6515-4FB3-A8BA-006E702B0B36}.Debug|x86.ActiveCfg = Debug|Win32
		{DB1C93AA-6515-4FB3-A8BA-006E702B0B36}.Debug|x86.Build.0 = Debug|Win32
		{DB1C93AA-6515-4FB3-A8BA-006E702B0B36}.Release|x64.ActiveCfg = Release|x64
		{DB1C93AA-6515-4FB3-A8BA-006E702B0B36}.Release|x64.Build.0 = Release|x64
		{DB1C93AA-6515-4FB3-A8BA-006E702B0B36}.Release|x86.ActiveCfg = Release|Win32
		{DB1C93AA-6515-4FB3-A8BA-006E702B0B36}.Release|x86.Build.0 = Release|Win32
		{9764F096-2A18-40DC-8CA6-3AB0144703CA}.Debug|x64.ActiveCfg = Debug|x64
		{9764F096-2A18-40DC-8CA6-3AB0144703CA}.Debug|x64.Build.0 = Debug|x64
		{9764F096-2A18-40DC-8CA6-3AB0144703CA}.Debug|x86.ActiveCfg = Debug|Win32
		{9764F096-2A18-40DC-8CA6-3AB0144703CA}.Debug|x86.Build.0 = Debug|Win32
		{9764F096-2A18-40DC-8CA6-3AB0144703CA}.Release|x64.ActiveCfg = Release|x64
		{9764F096-2A18-40DC-8CA6-3AB0144703CA}.Release|x64.Build.0 = Release|x64
		{9764F096-2A18-40DC-8CA6-3AB0144703CA}.Release|x86.ActiveCfg = Release|Win32
		{9764F096-2A18-40DC-8CA6-3AB0144703CA}.Release|x86.Build.0 = Release|Win32
		{E9E9AEE4-7623-426C-BD02-F0A139019110}.Debug|x64.ActiveCfg = Debug|x64
		{E9E9AEE4-7623-426C-BD02-F0A139019110}.Debug|x64.Build.0 = Debug|x64
		{E9E9AEE4-7623-426C-BD02-F0A139019110}.Debug|x86.ActiveCfg = Debug|Win32
		{E9E9AEE4-7623-426C-BD02-F0A139019110}.Debug|x86.Build.0 = Debug|Win32
		{E9E9AEE4-7623-426C-BD02-F0A139019110}.Release|x64.ActiveCfg = Release|x64
		{E9E9AEE4-7623-426C-BD02-F0A139019110}.Release|x64.Build.0 = Release|x64
		{E9E9AEE4-7623-426C-BD02-F0A139019110}.Release|x86.ActiveCfg = Release|Win32
		{E9E9AEE4-7623-426C-BD02-F0A139019110}.Release|x86.Build.0 = Release|Win32
		{2B4EC87B-A9E9-46A5-A9C5-983A06CAAE40}.Debug|x64.ActiveCfg = Debug|x64
		{2B4EC87B-A9E9-46A5-A9C5-983A06CAAE40}.Debug|x64.Build.0 = Debug|x64
		{2B4EC87B-A9E9-46A5-A9C5-983A06CAAE40}.Debug|x86.ActiveCfg = Debug|Win32
		{2B4EC87B-A9E9-46A5-A9C5-983A06CAAE40}.Debug|x86.Build.0 = Debug|Win32
		{2B4EC87B-A9E9-46A5-A9C5-983A06CAAE40}.Release|x64.ActiveCfg = Release|x64
		{2B4EC87B-A9E9-46A5-A9C5-983A06CAAE40}.Release|x64.Build.0 = Release|x64
		{2B4EC87B-A9E9-46A5-A9C5-983A06CAAE40}.Release|x86.ActiveCfg = Release|Win32
		{2B4EC87B-A9E9-46A5-A9C5-983A06CAAE40}.Release|x86.Build.0 = Release|Win32
		{D91AF08C-643A-4E20-824F-A0BA24EB9003}.Debug|x64.ActiveCfg = Debug|x64
		{D91AF08C-643A-4E20-824F-A0BA24EB9003}.Debug|x64.Build.0 = Debug|x64
		{D91AF08C-643A-4E20-824F-A0BA24EB9003}.Debug|x86.ActiveCfg = Debug|Win32
		{D91AF08C-643A-4E20-824F-A0BA24EB9003}.Debug|x86.Build.0 = Debug|Win32
		{D91AF08C-643A-4E20-824F-A0BA24EB9003}.Release|x64.ActiveCfg = Release|x64
		{D91AF08C-643A-4E20-824F-A0BA24EB9003}.Release|x64.Build.0 = Release|x64
		{D91AF08C-643A-4E20-824F-A0BA24EB9003}.Release|x86.ActiveCfg = Release|Win32
		{D91AF08C-643A-4E20-824F-A0BA24EB9003}.Release|x86.Build.0 = Release|Win32
		{CF61A1CE-D281-4C4C-8772-BF1E8CCB4287}.Debug|x64.ActiveCfg = Debug|x64
		{CF61A1CE-D281-4C4C-8772-BF1E8CCB4287}.Debug|x64.Build.0 = Debug|x64
		{CF61A1CE-D281-4C4C-8772-BF1E8CCB4287}.Debug|x86.ActiveCfg = Debug|Win32
		{CF61A1CE-D281-4C4C-8772-BF1E8CCB4287}.Debug|x86.Build.0 = Debug|Win32
		{CF61A1CE-D281-4C4C-8772-BF1E8CCB4287}.Release|x64.ActiveCfg = Release|x64
		{CF61A1CE-D281-4C4C-8772-BF1E8CCB4287}.Release|x64.Build.0 = Release|x64
		{CF61A1CE-D281-4C4C-8772-BF1E8CCB4287}.Release|x86.ActiveCfg = Release|Win32
		{CF61A1CE-D281-4C4C-8772-BF1E8CCB4287}.Release|x86.Build.0 = Release|Win32
		{5C51DE1D-EB34-400C-9FC8-79B04138F8D5}.Debug|x64.ActiveCfg = Debug|x64
		{5C51DE1D-EB34-400C-9FC8-79B04138F8D5}.Debug|x64.Build.0 = Debug|x64
		{5C51DE1D-EB34-400C-9FC8-79B04138F8D5}.Debug|x86.ActiveCfg = Debug|Win32
		{5C51DE1D-EB34-400C-9FC8-79B04138F8D5}.Debug|x86.Build.0 = Debug|Win32
		{5C51DE1D-EB34-400C-9FC8-79B04138F8D5}.Release|x64.ActiveCfg = Release|x64
		{5C51DE1D-EB34-400C-9FC8-79B04138F8D5}.Release|x64.Build.0 = Release|x64
		{5C51DE1D-EB34-400C-9FC8-79B04138F8D5}.Release|x86.ActiveCfg = Release|Win32
		{5C51DE1D-EB34-400C-9FC8-79B04138F8D5}.Release|x86.Build.0 = Release|Win32
		{99361564-39B1-4E15-A01C-A4423C8B5830}.Debug|x64.ActiveCfg = Debug|x64
		{99361564-39B1-4E15-A01C-A4423C8B5830}.Debug|x64.Build.0 = Debug|x64
		{99361564-39B1-4E15-A01C-A4423C8B5830}.Debug|x86.ActiveCfg = Debug|Win32
		{99361564-39B1-4E15-A01C-A4423C8B5830}.Debug|x86.Build.0 = Debug|Win32
		{99361564-39B1-4E15-A01C-A4423C8B5830}.Release|x64.ActiveCfg = Release|x64
		{99361564-39B1-4E15-A01C-A4423C8B5830}.Release|x64.Build.0 = Release|x64
		{99361564-39B1-4E15-A01C-A4423C8B5830}.Release|x86.ActiveCfg = Release|Win32
		{99361564-39B1-4E15-A01C-A4423C8B5830}.Release|x86.Build.0 = Release|Win32
		{BDFC5A3B-601E-4121-BD0C-A182DF0275B7}.Debug|x64.ActiveCfg = Debug|x64
		{BDFC5A3B-601E-4121-BD0C-A182DF0275B7}.Debug|x64.Build.0 = Debug|x64
		{BDFC5A3B-601E-4121-BD0C-A182DF0275B7}.Debug|x86.ActiveCfg = Debug|Win32
		{BDFC5A3B-601E-4121-BD0C-A182DF0275B7}.Debug|x86.Build.0 = Debug|Win32
		{BDFC5A3B-601E-4121-BD0C-A182DF0275B7}.Release|x64.ActiveCfg = Release|x64
		{BDFC5A3B-601E-4121-BD0C-A182DF0275B7}.Release|x64.Build.0 = Release|x64
		{BDFC5A3B-601E-4121-BD0C-A182DF0275B7}.Release|x86.ActiveCfg = Release|Win32
		{BDFC5A3B-601E-4121-BD0C-A182DF0275B7}.Release|x86.Build.0 = Release|Win32
		{1DF04F94-8AC9-4B1C-9C8A-56C7DF0EBE26}.Debug|x64.ActiveCfg = Debug|x64
		{1DF04F94-8AC9-4B1C-9C8A-56C7DF0EBE26}.Debug|x64.Build.0 = Debug|x64
		{1DF04F94-8AC9-4B1C-9C8A-56C7DF0EBE26}.Debug|x86.ActiveCfg = Debug|Win32
		{1DF04F94-8AC9-4B1C-9C8A-56C7DF0EBE26}.Debug|x86.Build.0 = Debug|Win32
		{1DF04F94-8AC9-4B1C-9C8A-56C7DF0EBE26}.Release|x64.ActiveCfg = Release|x64
		{1DF04F94-8AC9-4B1C-9C8A-56C7DF0EBE26}.Release|x64.Build.0 = Release|x64
		{1DF04F94-8AC9-4B1C-9C8A-56C7DF0EBE26}.Release|x86.ActiveCfg = Release|Win32
		{1DF04F94-8AC9-4B1C-9C8A-56C7DF0EBE26}.Release|x86.Build.0 = Release|Win32
		{A9CD4CD2-122E-413C-9E69-3A96BB695644}.Debug|x64.ActiveCfg = Debug|x64
		{A9CD4CD2-122E-413C-9E69-3A96BB695644}.Debug|x64.Build.0 = Debug|x64
		{A9CD4CD2-122E-413C-9E69-3A96BB695644}.Debug|x86.ActiveCfg = Debug|Win32
		{A9CD4CD2-122E-413C-9E69-3A96BB695644}.Debug|x86.Build.0 = Debug|Win32
		{A9CD4CD2-122E-413C-9E69-3A96BB695644}.Release|x64.ActiveCfg = Release|x64
		{A9CD4CD2-122E-413C-9E69-3A96BB695644}.Release|x64.Build.0 = Release|x64
		{A9CD4CD2-122E-413C-9E69-3A96BB695644}.Release|x86.ActiveCfg = Release|Win32
		{A9CD4CD2-122E-413C-9E69-3A96BB695644}.Release|x86.Build.0 = Release|Win32
		{C32F4A91-2FF7-429E-BB57-278DD4FBBC5D}.Debug|x64.ActiveCfg = Debug|x64
		{C32F4A91-2FF7-429E-BB57-278DD4FBBC5D}.Debug|x64.Build.0 = Debug|x64
		{C32F4A91-2FF7-429E-BB57-278DD4FBBC5D}.Debug|x86.ActiveCfg = Debug|Win32
		{C32F4A91-2FF7-429E-BB57-278DD4FBBC5D}.Debug|x86.Build.0 = Debug|Win32
		{C32F4A91-2FF7-429E-BB57-278DD4FBBC5D}.Release|x64.ActiveCfg = Release|x64
		{C32F4A91-2FF7-429E-BB57-278DD4FBBC5D}.Release|x64.Build.0 = Release|x64
		{C32F4A91-2FF7-429E-BB57-278DD4FBBC5D}.Release|x86.ActiveCfg = Release|Win32
		{C32F4A91-2FF7-429E-BB57-278DD4FBBC5D}.Release|x86.Build.0 = Release|Win32
		{0B82BC84-6109-4744-BF5F-CD45DE262432}.Debug|x64.ActiveCfg = Debug|x64
		{0B82BC84-6109-4744-BF5F-CD45DE262432}.Debug|x64.Build.0 = Debug|x64
		{0B82BC84-6109-4744-BF5F-CD45DE262432}.Debug|x86.ActiveCfg = Debug|Win32
		{0B82BC84-6109-4744-BF5F-CD45DE262432}.Debug|x86.Build.0 = Debug|Win32
		{0B82BC84-6109-4744-BF5F-CD45DE262432}.Release|x64.ActiveCfg = Release|x64
		{0B82BC84-6109-4744-BF5F-CD45DE262432}.Release|x64.Build.0 = Release|x64
		{0B82BC84-6109-4744-BF5F-CD45DE262432}.Release|x86.ActiveCfg = Release|Win32
		{0B82BC84-6109-4744-BF5F-CD45DE262432}.Release|x86.Build.0 = Release|Win32
		{1C1760DA-549D-4BDA-97DB-5008E4BEE71B}.Debug|x64.ActiveCfg = Debug|x64
		{1C1760DA-549D-4BDA-97DB-5008E4BEE71B}.Debug|x64.Build.0 = Debug|x64
		{1C1760DA-549D-4BDA-97DB-5008E4BEE71B}.Debug|x86.ActiveCfg = Debug|Win32
		{1C1760DA-549D-4BDA-97DB-5008E4BEE71B}.Debug|x86.Build.0 = Debug|Win32
		{1C1760DA-549D-4BDA-97DB-5008E4BEE71B}.Release|x64.ActiveCfg = Release|x64
		{1C1760DA-549D-4BDA-97DB-5008E4BEE71B}.Release|x64.Build.0 = Release|x64
		{1C1760DA-549D-4BDA-97DB-5008E4BEE71B}.Release|x86.ActiveCfg = Release|Win32
		{1C1760DA-549D-4BDA-97DB-5008E4BEE71B}.Release|x86.Build.0 = Release|Win32
		{DD9DE2C5-8D95-469D-B5A7-9750D5FD2BF4}.Debug|x64.ActiveCfg = Debug|x64
		{DD9DE2C5-8D95-469D-B5A7-9750D5FD2BF4}.Debug|x64.Build.0 = Debug|x64
		{DD9DE2C5-8D95-469D-B5A7-9750D5FD2BF4}.Debug|x86.ActiveCfg = Debug|Win32
		{DD9DE2C5-8D95-469D-B5A7-9750D5FD2BF4}.Debug|x86.Build.0 = Debug|Win32
		{DD9DE2C5-8D95-469D-B5A7-9750D5FD2BF4}.Release|x64.ActiveCfg = Release|x64
		{DD9DE2C5-8D95-469D-B5A7-9750D5FD2BF4}.Release|x64.Build.0 = Release|x64
		{DD9DE2C5-8D95-469D-B5A7-9750D5FD2BF4}.Release|x86.ActiveCfg = Release|Win32
		{DD9DE2C5-8D95-469D-B5A7-9750D5FD2BF4}.Release|x86.Build.0 = Release|Win32
		{CC3CC111-5000-4361-B380-CB5B3964D1D8}.Debug|x64.ActiveCfg = Debug|x64
		{CC3CC111-5000-4361-B380-CB5B3964D1D8}.Debug|x64.Build.0 = Debug|x64
		{CC3CC111-5000-4361-B380-CB5B3964D1D8}.Debug|x86.ActiveCfg = Debug|Win32
		{CC3CC111-5000-4361-B380-CB5B3964D1D8}.Debug|x86.Build.0 = Debug|Win32
		{CC3CC111-5000-4361-B380-CB5B3964D1D8}.Release|x64.ActiveCfg = Release|x64
		{CC3CC111-5000-4361-B380-CB5B3964D1D8}.Release|x64.Build.0 = Release|x64
		{CC3CC111-5000-4361-B380-CB5B3964D1D8}.Release|x86.ActiveCfg = Release|Win32
		{CC3CC111-5000-4361-B380-CB5B3964D1D8}.Release|x86.Build.0 = Release|Win32
		{1B5134E3-97F5-4C77-BF74-FE0F06E6882E}.Debug|x64.ActiveCfg = Debug|x64
		{1B5134E3-97F5-4C77-BF74-FE0F06E6882E}.Debug|x64.Build.0 = Debug|x64
		{1B5134E3-97F5-4C77-BF74-FE0F06E6882E}.Debug|x86.ActiveCfg = Debug|Win32
		{1B5134E3-97F5-4C77-BF74-FE0F06E6882E}.Debug|x86.Build.0 = Debug|Win32
		{1B5134E3-97F5-4C77-BF74-FE0F06E6882E}.Release|x64.ActiveCfg = Release|x64
		{1B5134E3-97F5-4C77-BF74-FE0F06E6882E}.Release|x64.Build.0 = Release|x64
		{1B5134E3-97F5-4C77-BF74-FE0F06E6882E}.Release|x86.ActiveCfg = Release|Win32
		{1B5134E3-97F5-4C77-BF74-FE0F06E6882E}.Release|x86.Build.0 = Release|Win32
		{D109D9A2-F2F9-4FCE-AEA4-48A3540F495B}.Debug|x64.ActiveCfg = Debug|x64
		{D109D9A2-F2F9-4FCE-AEA4-48A3540F495B}.Debug|x64.Build.0 = Debug|x64
		{D109D9A2-F2F9-4FCE-AEA4-48A3540F495B}.Debug|x86.ActiveCfg = Debug|Win32
		{D109D9A2-F2F9-4FCE-AEA4-48A3540F495B}.Debug|x86.Build.0 = Debug|Win32
		{D109D9A2-F2F9-4FCE-AEA4-48A3540F495B}.Release|x64.ActiveCfg = Release|x64
		{D109D9A2-F2F9-4FCE-AEA4-48A3540F495B}.Release|x64.Build.0 = Release|x64
		{D109D9A2-F2F9-4FCE-AEA4-48A3540F495B}.Release|x86.ActiveCfg = Release|Win32
		{D109D9A2-F2F9-4FCE-AEA4-48A3540F495B}.Release|x86.Build.0 = Release|Win32
		{0ABEDB51-8788-480F-99F5-EE70C9EBE6AF}.Debug|x64.ActiveCfg = Debug|x64
		{0ABEDB51-8788-480F-99F5-EE70C9EBE6AF}.Debug|x64.Build.0 = Debug|x64
		{0ABEDB51-8788-480F-99F5-EE70C9EBE6AF}.Debug|x86.ActiveCfg = Debug|Win32
		{0ABEDB51-8788-480F-99F5-EE70C9EBE6AF}.Debug|x86.Build.0 = Debug|Win32
		{0ABEDB51-8788-480F-99F5-EE70C9EBE6AF}.Release|x64.ActiveCfg = Release|x64
		{0ABEDB51-8788-480F-99F5-EE70C9EBE6AF}.Release|x64.Build.0 = Release|x64
		{0ABEDB51-8788-480F-99F5-EE70C9EBE6AF}.Release|x86.ActiveCfg = Release|Win32
		{0ABEDB51-8788-480F-99F5-EE70C9EBE6AF}.Release|x86.Build.0 = Release|Win32
	EndGlobalSection
	GlobalSection(SolutionProperties) = preSolution
		HideSolutionNode = FALSE
	EndGlobalSection
	GlobalSection(ExtensibilityGlobals) = postSolution
		SolutionGuid = {C097B6E2-07FF-418F-ABE0-A72A0841C52A}
	EndGlobalSection
EndGlobal
